// !$*UTF8*$!
{
	archiveVersion = 1;
	classes = {
	};
	objectVersion = 46;
	objects = {

/* Begin PBXBuildFile section */
		2710523F1A4E33C100A3D3CD /* Karla-Bold.ttf in Resources */ = {isa = PBXBuildFile; fileRef = 2710523D1A4E33C100A3D3CD /* Karla-Bold.ttf */; };
		271052401A4E33C100A3D3CD /* Karla-Regular.ttf in Resources */ = {isa = PBXBuildFile; fileRef = 2710523E1A4E33C100A3D3CD /* Karla-Regular.ttf */; };
		27CEE49A1A4F997B00B71BEB /* mio-8.model in Resources */ = {isa = PBXBuildFile; fileRef = 27CEE4991A4F997B00B71BEB /* mio-8.model */; };
		27CEE4F51A50A18500B71BEB /* angry.png in Resources */ = {isa = PBXBuildFile; fileRef = 27CEE4D61A50A18500B71BEB /* angry.png */; };
		27CEE4F61A50A18500B71BEB /* anxious.png in Resources */ = {isa = PBXBuildFile; fileRef = 27CEE4D71A50A18500B71BEB /* anxious.png */; };
		27CEE4F71A50A18500B71BEB /* aroused.png in Resources */ = {isa = PBXBuildFile; fileRef = 27CEE4D81A50A18500B71BEB /* aroused.png */; };
		27CEE4F81A50A18500B71BEB /* bored.png in Resources */ = {isa = PBXBuildFile; fileRef = 27CEE4D91A50A18500B71BEB /* bored.png */; };
		27CEE4F91A50A18500B71BEB /* calm.png in Resources */ = {isa = PBXBuildFile; fileRef = 27CEE4DA1A50A18500B71BEB /* calm.png */; };
		27CEE4FA1A50A18500B71BEB /* excited.png in Resources */ = {isa = PBXBuildFile; fileRef = 27CEE4DB1A50A18500B71BEB /* excited.png */; };
		27CEE4FB1A50A18500B71BEB /* scared.png in Resources */ = {isa = PBXBuildFile; fileRef = 27CEE4DC1A50A18500B71BEB /* scared.png */; };
		27CEE4FC1A50A18500B71BEB /* Default.png in Resources */ = {isa = PBXBuildFile; fileRef = 27CEE4DE1A50A18500B71BEB /* Default.png */; };
		27CEE4FD1A50A18500B71BEB /* Default@2x.png in Resources */ = {isa = PBXBuildFile; fileRef = 27CEE4DF1A50A18500B71BEB /* Default@2x.png */; };
		27CEE4FE1A50A18500B71BEB /* Icon-Small@2x.png in Resources */ = {isa = PBXBuildFile; fileRef = 27CEE4E01A50A18500B71BEB /* Icon-Small@2x.png */; };
		27CEE4FF1A50A18500B71BEB /* Icon@2x.png in Resources */ = {isa = PBXBuildFile; fileRef = 27CEE4E11A50A18500B71BEB /* Icon@2x.png */; };
		27CEE5001A50A18500B71BEB /* home@2x.png in Resources */ = {isa = PBXBuildFile; fileRef = 27CEE4E31A50A18500B71BEB /* home@2x.png */; };
		27CEE5011A50A18500B71BEB /* home_sel@2x.png in Resources */ = {isa = PBXBuildFile; fileRef = 27CEE4E41A50A18500B71BEB /* home_sel@2x.png */; };
		27CEE5021A50A18500B71BEB /* rank@2x.png in Resources */ = {isa = PBXBuildFile; fileRef = 27CEE4E51A50A18500B71BEB /* rank@2x.png */; };
		27CEE5031A50A18500B71BEB /* rank_sel@2x.png in Resources */ = {isa = PBXBuildFile; fileRef = 27CEE4E61A50A18500B71BEB /* rank_sel@2x.png */; };
		27CEE5041A50A18500B71BEB /* report@2x.png in Resources */ = {isa = PBXBuildFile; fileRef = 27CEE4E71A50A18500B71BEB /* report@2x.png */; };
		27CEE5051A50A18500B71BEB /* report_sel@2x.png in Resources */ = {isa = PBXBuildFile; fileRef = 27CEE4E81A50A18500B71BEB /* report_sel@2x.png */; };
		27CEE5061A50A18500B71BEB /* arrows-down.png in Resources */ = {isa = PBXBuildFile; fileRef = 27CEE4EA1A50A18500B71BEB /* arrows-down.png */; };
		27CEE5071A50A18500B71BEB /* arrows-up.png in Resources */ = {isa = PBXBuildFile; fileRef = 27CEE4EB1A50A18500B71BEB /* arrows-up.png */; };
		27CEE5081A50A18500B71BEB /* back@2x.png in Resources */ = {isa = PBXBuildFile; fileRef = 27CEE4EC1A50A18500B71BEB /* back@2x.png */; };
		27CEE5091A50A18500B71BEB /* heart@2x.png in Resources */ = {isa = PBXBuildFile; fileRef = 27CEE4ED1A50A18500B71BEB /* heart@2x.png */; };
		27CEE50A1A50A18500B71BEB /* home@2x.png in Resources */ = {isa = PBXBuildFile; fileRef = 27CEE4EE1A50A18500B71BEB /* home@2x.png */; };
		27CEE50B1A50A18500B71BEB /* left-small@2x.png in Resources */ = {isa = PBXBuildFile; fileRef = 27CEE4EF1A50A18500B71BEB /* left-small@2x.png */; };
		27CEE50C1A50A18500B71BEB /* left@2x.png in Resources */ = {isa = PBXBuildFile; fileRef = 27CEE4F01A50A18500B71BEB /* left@2x.png */; };
		27CEE50D1A50A18500B71BEB /* logout@2x.png in Resources */ = {isa = PBXBuildFile; fileRef = 27CEE4F11A50A18500B71BEB /* logout@2x.png */; };
		27CEE50E1A50A18500B71BEB /* meet-small@2x.png in Resources */ = {isa = PBXBuildFile; fileRef = 27CEE4F21A50A18500B71BEB /* meet-small@2x.png */; };
		27CEE50F1A50A18500B71BEB /* meet@2x.png in Resources */ = {isa = PBXBuildFile; fileRef = 27CEE4F31A50A18500B71BEB /* meet@2x.png */; };
		27CEE5101A50A18500B71BEB /* plus@2x.png in Resources */ = {isa = PBXBuildFile; fileRef = 27CEE4F41A50A18500B71BEB /* plus@2x.png */; };
		27CEE5121A50B0CA00B71BEB /* logo@2x.png in Resources */ = {isa = PBXBuildFile; fileRef = 27CEE5111A50B0CA00B71BEB /* logo@2x.png */; };
		27E0855D19C529240071F9F8 /* tron.cpp in Sources */ = {isa = PBXBuildFile; fileRef = 27E0855B19C529240071F9F8 /* tron.cpp */; };
		27E0856419C5294D0071F9F8 /* daxpy.c in Sources */ = {isa = PBXBuildFile; fileRef = 27E0856019C5294D0071F9F8 /* daxpy.c */; };
		27E0856519C5294D0071F9F8 /* ddot.c in Sources */ = {isa = PBXBuildFile; fileRef = 27E0856119C5294D0071F9F8 /* ddot.c */; };
		27E0856619C5294D0071F9F8 /* dnrm2.c in Sources */ = {isa = PBXBuildFile; fileRef = 27E0856219C5294D0071F9F8 /* dnrm2.c */; };
		27E0856719C5294D0071F9F8 /* dscal.c in Sources */ = {isa = PBXBuildFile; fileRef = 27E0856319C5294D0071F9F8 /* dscal.c */; };
		27E0856A19C529620071F9F8 /* linear.cpp in Sources */ = {isa = PBXBuildFile; fileRef = 27E0856819C529620071F9F8 /* linear.cpp */; };
		27ECB4D619C645AF00D5AAB5 /* hrv.cpp in Sources */ = {isa = PBXBuildFile; fileRef = 27ECB4D419C645AF00D5AAB5 /* hrv.cpp */; };
		651EFCF219C51B5F0089BA51 /* InteractionData.m in Sources */ = {isa = PBXBuildFile; fileRef = 651EFCF119C51B5F0089BA51 /* InteractionData.m */; };
		6525184A19708ADF00AF6981 /* HeartRateAnalyzer.m in Sources */ = {isa = PBXBuildFile; fileRef = 6525184919708ADF00AF6981 /* HeartRateAnalyzer.m */; };
		6525185019708AF000AF6981 /* AppDelegate.m in Sources */ = {isa = PBXBuildFile; fileRef = 6525184F19708AF000AF6981 /* AppDelegate.m */; };
		6525185F19708B1000AF6981 /* PersonViewController.m in Sources */ = {isa = PBXBuildFile; fileRef = 6525185619708B1000AF6981 /* PersonViewController.m */; };
		6525186019708B1000AF6981 /* RankViewController.m in Sources */ = {isa = PBXBuildFile; fileRef = 6525185819708B1000AF6981 /* RankViewController.m */; };
		6525186119708B1000AF6981 /* MeetViewController.m in Sources */ = {isa = PBXBuildFile; fileRef = 6525185A19708B1000AF6981 /* MeetViewController.m */; };
		6525186219708B1000AF6981 /* ViewController.m in Sources */ = {isa = PBXBuildFile; fileRef = 6525185C19708B1000AF6981 /* ViewController.m */; };
		65251868197B5B1100AF6981 /* HeartRateMonitor.m in Sources */ = {isa = PBXBuildFile; fileRef = 65251867197B5B1100AF6981 /* HeartRateMonitor.m */; };
		653DB7331A2F944600F50BAC /* FacebookSDK.framework in Frameworks */ = {isa = PBXBuildFile; fileRef = 653DB7321A2F944600F50BAC /* FacebookSDK.framework */; };
		653F8F76185FA9760009F785 /* CoreData.framework in Frameworks */ = {isa = PBXBuildFile; fileRef = 653F8F75185FA9760009F785 /* CoreData.framework */; };
		653F8F79185FA9A50009F785 /* pplkpr.xcdatamodeld in Sources */ = {isa = PBXBuildFile; fileRef = 653F8F77185FA9A50009F785 /* pplkpr.xcdatamodeld */; };
		656AFE5C1A4E262C003F3E6A /* DateTools.bundle in Resources */ = {isa = PBXBuildFile; fileRef = 656AFE4D1A4E262C003F3E6A /* DateTools.bundle */; };
		656AFE5D1A4E262C003F3E6A /* DTError.m in Sources */ = {isa = PBXBuildFile; fileRef = 656AFE511A4E262C003F3E6A /* DTError.m */; };
		656AFE5E1A4E262C003F3E6A /* DTTimePeriod.m in Sources */ = {isa = PBXBuildFile; fileRef = 656AFE531A4E262C003F3E6A /* DTTimePeriod.m */; };
		656AFE5F1A4E262C003F3E6A /* DTTimePeriodChain.m in Sources */ = {isa = PBXBuildFile; fileRef = 656AFE551A4E262C003F3E6A /* DTTimePeriodChain.m */; };
		656AFE601A4E262C003F3E6A /* DTTimePeriodCollection.m in Sources */ = {isa = PBXBuildFile; fileRef = 656AFE571A4E262C003F3E6A /* DTTimePeriodCollection.m */; };
		656AFE611A4E262C003F3E6A /* DTTimePeriodGroup.m in Sources */ = {isa = PBXBuildFile; fileRef = 656AFE591A4E262C003F3E6A /* DTTimePeriodGroup.m */; };
		656AFE621A4E262C003F3E6A /* NSDate+DateTools.m in Sources */ = {isa = PBXBuildFile; fileRef = 656AFE5B1A4E262C003F3E6A /* NSDate+DateTools.m */; };
		658308BB19B104C100C385EB /* MKAnnotationView+WebCache.m in Sources */ = {isa = PBXBuildFile; fileRef = 6583089B19B104C100C385EB /* MKAnnotationView+WebCache.m */; };
		658308BC19B104C100C385EB /* NSData+ImageContentType.m in Sources */ = {isa = PBXBuildFile; fileRef = 6583089D19B104C100C385EB /* NSData+ImageContentType.m */; };
		658308BD19B104C100C385EB /* SDImageCache.m in Sources */ = {isa = PBXBuildFile; fileRef = 6583089F19B104C100C385EB /* SDImageCache.m */; };
		658308BE19B104C100C385EB /* SDWebImageCompat.m in Sources */ = {isa = PBXBuildFile; fileRef = 658308A119B104C100C385EB /* SDWebImageCompat.m */; };
		658308BF19B104C100C385EB /* SDWebImageDecoder.m in Sources */ = {isa = PBXBuildFile; fileRef = 658308A319B104C100C385EB /* SDWebImageDecoder.m */; };
		658308C019B104C100C385EB /* SDWebImageDownloader.m in Sources */ = {isa = PBXBuildFile; fileRef = 658308A519B104C100C385EB /* SDWebImageDownloader.m */; };
		658308C119B104C100C385EB /* SDWebImageDownloaderOperation.m in Sources */ = {isa = PBXBuildFile; fileRef = 658308A719B104C100C385EB /* SDWebImageDownloaderOperation.m */; };
		658308C219B104C100C385EB /* SDWebImageManager.m in Sources */ = {isa = PBXBuildFile; fileRef = 658308A919B104C100C385EB /* SDWebImageManager.m */; };
		658308C319B104C100C385EB /* SDWebImagePrefetcher.m in Sources */ = {isa = PBXBuildFile; fileRef = 658308AC19B104C100C385EB /* SDWebImagePrefetcher.m */; };
		658308C419B104C100C385EB /* UIButton+WebCache.m in Sources */ = {isa = PBXBuildFile; fileRef = 658308AE19B104C100C385EB /* UIButton+WebCache.m */; };
		658308C519B104C100C385EB /* UIImage+GIF.m in Sources */ = {isa = PBXBuildFile; fileRef = 658308B019B104C100C385EB /* UIImage+GIF.m */; };
		658308C619B104C100C385EB /* UIImage+MultiFormat.m in Sources */ = {isa = PBXBuildFile; fileRef = 658308B219B104C100C385EB /* UIImage+MultiFormat.m */; };
		658308C719B104C100C385EB /* UIImage+WebP.m in Sources */ = {isa = PBXBuildFile; fileRef = 658308B419B104C100C385EB /* UIImage+WebP.m */; };
		658308C819B104C100C385EB /* UIImageView+HighlightedWebCache.m in Sources */ = {isa = PBXBuildFile; fileRef = 658308B619B104C100C385EB /* UIImageView+HighlightedWebCache.m */; };
		658308C919B104C100C385EB /* UIImageView+WebCache.m in Sources */ = {isa = PBXBuildFile; fileRef = 658308B819B104C100C385EB /* UIImageView+WebCache.m */; };
		658308CA19B104C100C385EB /* UIView+WebCacheOperation.m in Sources */ = {isa = PBXBuildFile; fileRef = 658308BA19B104C100C385EB /* UIView+WebCacheOperation.m */; };
		658308CD19B1075900C385EB /* FriendsCustomAutoCompleteObject.m in Sources */ = {isa = PBXBuildFile; fileRef = 658308CC19B1075900C385EB /* FriendsCustomAutoCompleteObject.m */; };
		65909D1619C76724002953A2 /* DayLog.m in Sources */ = {isa = PBXBuildFile; fileRef = 65909D1519C76724002953A2 /* DayLog.m */; };
		6596CB721868A3E80045D6E2 /* MessageUI.framework in Frameworks */ = {isa = PBXBuildFile; fileRef = 6596CB711868A3E80045D6E2 /* MessageUI.framework */; };
		6596CB741868AAE40045D6E2 /* AddressBook.framework in Frameworks */ = {isa = PBXBuildFile; fileRef = 6596CB731868AAE40045D6E2 /* AddressBook.framework */; };
		65B851191861EDAC00DE02E8 /* Report.m in Sources */ = {isa = PBXBuildFile; fileRef = 65B851171861EDAC00DE02E8 /* Report.m */; };
		65B8511F1862122800DE02E8 /* Person.m in Sources */ = {isa = PBXBuildFile; fileRef = 65B8511E1862122800DE02E8 /* Person.m */; };
		65CA14A519ACD93200130EEB /* MLPAutoCompleteTextField.m in Sources */ = {isa = PBXBuildFile; fileRef = 65CA149F19ACD93200130EEB /* MLPAutoCompleteTextField.m */; };
		65CA14A619ACD93200130EEB /* NSString+Levenshtein.m in Sources */ = {isa = PBXBuildFile; fileRef = 65CA14A419ACD93200130EEB /* NSString+Levenshtein.m */; };
		65CA14A919ACDD6600130EEB /* FriendsCompleteDataSource.m in Sources */ = {isa = PBXBuildFile; fileRef = 65CA14A819ACDD6600130EEB /* FriendsCompleteDataSource.m */; };
		65CA14AC19AD173100130EEB /* CustomAutoCompleteCell.m in Sources */ = {isa = PBXBuildFile; fileRef = 65CA14AB19AD173100130EEB /* CustomAutoCompleteCell.m */; };
		65E88A4D19BB8E6A00379268 /* FlatSlider.m in Sources */ = {isa = PBXBuildFile; fileRef = 65E88A4C19BB8E6A00379268 /* FlatSlider.m */; };
		65E88A5619BE0F9400379268 /* credentials.txt in Resources */ = {isa = PBXBuildFile; fileRef = 65E88A5519BE0F9300379268 /* credentials.txt */; };
		65F2961319B7D14B007C1C06 /* FBHandler.m in Sources */ = {isa = PBXBuildFile; fileRef = 65F2961219B7D14B007C1C06 /* FBHandler.m */; };
		65F2961619B8DE5F007C1C06 /* LoginViewController.m in Sources */ = {isa = PBXBuildFile; fileRef = 65F2961519B8DE5F007C1C06 /* LoginViewController.m */; };
		65F2961919B8FF7F007C1C06 /* Constants.m in Sources */ = {isa = PBXBuildFile; fileRef = 65F2961819B8FF7F007C1C06 /* Constants.m */; };
		65F2963F19BA545A007C1C06 /* ReportViewController.m in Sources */ = {isa = PBXBuildFile; fileRef = 65F2963E19BA545A007C1C06 /* ReportViewController.m */; };
		65F2964219BA5B9A007C1C06 /* LeftViewController.m in Sources */ = {isa = PBXBuildFile; fileRef = 65F2964119BA5B9A007C1C06 /* LeftViewController.m */; };
		65F3F7111A22BD8D0098054D /* IOSHandler.m in Sources */ = {isa = PBXBuildFile; fileRef = 65F3F7101A22BD8D0098054D /* IOSHandler.m */; };
		65F3F7A71A22C18D0098054D /* libRHAddressBook.a in Frameworks */ = {isa = PBXBuildFile; fileRef = 65F3F79E1A22C1670098054D /* libRHAddressBook.a */; };
		65FC7C5117A1A37F0045BFF2 /* Foundation.framework in Frameworks */ = {isa = PBXBuildFile; fileRef = 65FC7C5017A1A37F0045BFF2 /* Foundation.framework */; };
		65FC7C5317A1A37F0045BFF2 /* CoreGraphics.framework in Frameworks */ = {isa = PBXBuildFile; fileRef = 65FC7C5217A1A37F0045BFF2 /* CoreGraphics.framework */; };
		65FC7C5517A1A37F0045BFF2 /* UIKit.framework in Frameworks */ = {isa = PBXBuildFile; fileRef = 65FC7C5417A1A37F0045BFF2 /* UIKit.framework */; };
		65FC7C5B17A1A37F0045BFF2 /* InfoPlist.strings in Resources */ = {isa = PBXBuildFile; fileRef = 65FC7C5917A1A37F0045BFF2 /* InfoPlist.strings */; };
		65FC7C5D17A1A37F0045BFF2 /* main.m in Sources */ = {isa = PBXBuildFile; fileRef = 65FC7C5C17A1A37F0045BFF2 /* main.m */; };
		65FC7C6417A1A37F0045BFF2 /* Main.storyboard in Resources */ = {isa = PBXBuildFile; fileRef = 65FC7C6217A1A37F0045BFF2 /* Main.storyboard */; };
		65FC7C6917A1A37F0045BFF2 /* Images.xcassets in Resources */ = {isa = PBXBuildFile; fileRef = 65FC7C6817A1A37F0045BFF2 /* Images.xcassets */; };
/* End PBXBuildFile section */

/* Begin PBXContainerItemProxy section */
		65F3F79D1A22C1670098054D /* PBXContainerItemProxy */ = {
			isa = PBXContainerItemProxy;
			containerPortal = 65F3F75A1A22C1660098054D /* RHAddressBook.xcodeproj */;
			proxyType = 2;
			remoteGlobalIDString = 13C9D500146C5A8600327D15;
			remoteInfo = RHAddressBook;
		};
		65F3F79F1A22C1670098054D /* PBXContainerItemProxy */ = {
			isa = PBXContainerItemProxy;
			containerPortal = 65F3F75A1A22C1660098054D /* RHAddressBook.xcodeproj */;
			proxyType = 2;
			remoteGlobalIDString = 13D15189193E7688003B0F45;
			remoteInfo = RHAddressBook.framework;
		};
		65F3F7A11A22C1670098054D /* PBXContainerItemProxy */ = {
			isa = PBXContainerItemProxy;
			containerPortal = 65F3F75A1A22C1660098054D /* RHAddressBook.xcodeproj */;
			proxyType = 2;
			remoteGlobalIDString = 133DF0A81470F273005330C7;
			remoteInfo = RHAddressBookTester;
		};
		65F3F7A31A22C1670098054D /* PBXContainerItemProxy */ = {
			isa = PBXContainerItemProxy;
			containerPortal = 65F3F75A1A22C1660098054D /* RHAddressBook.xcodeproj */;
			proxyType = 2;
			remoteGlobalIDString = 133DF0931470EE36005330C7;
			remoteInfo = RHAddressBookLogicTests;
		};
		65F3F7A51A22C17D0098054D /* PBXContainerItemProxy */ = {
			isa = PBXContainerItemProxy;
			containerPortal = 65F3F75A1A22C1660098054D /* RHAddressBook.xcodeproj */;
			proxyType = 1;
			remoteGlobalIDString = 13C9D4FF146C5A8600327D15;
			remoteInfo = RHAddressBook;
		};
/* End PBXContainerItemProxy section */

/* Begin PBXFileReference section */
		2710523D1A4E33C100A3D3CD /* Karla-Bold.ttf */ = {isa = PBXFileReference; lastKnownFileType = file; path = "Karla-Bold.ttf"; sourceTree = "<group>"; };
		2710523E1A4E33C100A3D3CD /* Karla-Regular.ttf */ = {isa = PBXFileReference; lastKnownFileType = file; path = "Karla-Regular.ttf"; sourceTree = "<group>"; };
		27CEE4991A4F997B00B71BEB /* mio-8.model */ = {isa = PBXFileReference; fileEncoding = 4; lastKnownFileType = text; name = "mio-8.model"; path = "assets/mio-8.model"; sourceTree = "<group>"; };
		27CEE4D61A50A18500B71BEB /* angry.png */ = {isa = PBXFileReference; lastKnownFileType = image.png; path = angry.png; sourceTree = "<group>"; };
		27CEE4D71A50A18500B71BEB /* anxious.png */ = {isa = PBXFileReference; lastKnownFileType = image.png; path = anxious.png; sourceTree = "<group>"; };
		27CEE4D81A50A18500B71BEB /* aroused.png */ = {isa = PBXFileReference; lastKnownFileType = image.png; path = aroused.png; sourceTree = "<group>"; };
		27CEE4D91A50A18500B71BEB /* bored.png */ = {isa = PBXFileReference; lastKnownFileType = image.png; path = bored.png; sourceTree = "<group>"; };
		27CEE4DA1A50A18500B71BEB /* calm.png */ = {isa = PBXFileReference; lastKnownFileType = image.png; path = calm.png; sourceTree = "<group>"; };
		27CEE4DB1A50A18500B71BEB /* excited.png */ = {isa = PBXFileReference; lastKnownFileType = image.png; path = excited.png; sourceTree = "<group>"; };
		27CEE4DC1A50A18500B71BEB /* scared.png */ = {isa = PBXFileReference; lastKnownFileType = image.png; path = scared.png; sourceTree = "<group>"; };
		27CEE4DE1A50A18500B71BEB /* Default.png */ = {isa = PBXFileReference; lastKnownFileType = image.png; path = Default.png; sourceTree = "<group>"; };
		27CEE4DF1A50A18500B71BEB /* Default@2x.png */ = {isa = PBXFileReference; lastKnownFileType = image.png; path = "Default@2x.png"; sourceTree = "<group>"; };
		27CEE4E01A50A18500B71BEB /* Icon-Small@2x.png */ = {isa = PBXFileReference; lastKnownFileType = image.png; path = "Icon-Small@2x.png"; sourceTree = "<group>"; };
		27CEE4E11A50A18500B71BEB /* Icon@2x.png */ = {isa = PBXFileReference; lastKnownFileType = image.png; path = "Icon@2x.png"; sourceTree = "<group>"; };
		27CEE4E31A50A18500B71BEB /* home@2x.png */ = {isa = PBXFileReference; lastKnownFileType = image.png; path = "home@2x.png"; sourceTree = "<group>"; };
		27CEE4E41A50A18500B71BEB /* home_sel@2x.png */ = {isa = PBXFileReference; lastKnownFileType = image.png; path = "home_sel@2x.png"; sourceTree = "<group>"; };
		27CEE4E51A50A18500B71BEB /* rank@2x.png */ = {isa = PBXFileReference; lastKnownFileType = image.png; path = "rank@2x.png"; sourceTree = "<group>"; };
		27CEE4E61A50A18500B71BEB /* rank_sel@2x.png */ = {isa = PBXFileReference; lastKnownFileType = image.png; path = "rank_sel@2x.png"; sourceTree = "<group>"; };
		27CEE4E71A50A18500B71BEB /* report@2x.png */ = {isa = PBXFileReference; lastKnownFileType = image.png; path = "report@2x.png"; sourceTree = "<group>"; };
		27CEE4E81A50A18500B71BEB /* report_sel@2x.png */ = {isa = PBXFileReference; lastKnownFileType = image.png; path = "report_sel@2x.png"; sourceTree = "<group>"; };
		27CEE4EA1A50A18500B71BEB /* arrows-down.png */ = {isa = PBXFileReference; lastKnownFileType = image.png; path = "arrows-down.png"; sourceTree = "<group>"; };
		27CEE4EB1A50A18500B71BEB /* arrows-up.png */ = {isa = PBXFileReference; lastKnownFileType = image.png; path = "arrows-up.png"; sourceTree = "<group>"; };
		27CEE4EC1A50A18500B71BEB /* back@2x.png */ = {isa = PBXFileReference; lastKnownFileType = image.png; path = "back@2x.png"; sourceTree = "<group>"; };
		27CEE4ED1A50A18500B71BEB /* heart@2x.png */ = {isa = PBXFileReference; lastKnownFileType = image.png; path = "heart@2x.png"; sourceTree = "<group>"; };
		27CEE4EE1A50A18500B71BEB /* home@2x.png */ = {isa = PBXFileReference; lastKnownFileType = image.png; path = "home@2x.png"; sourceTree = "<group>"; };
		27CEE4EF1A50A18500B71BEB /* left-small@2x.png */ = {isa = PBXFileReference; lastKnownFileType = image.png; path = "left-small@2x.png"; sourceTree = "<group>"; };
		27CEE4F01A50A18500B71BEB /* left@2x.png */ = {isa = PBXFileReference; lastKnownFileType = image.png; path = "left@2x.png"; sourceTree = "<group>"; };
		27CEE4F11A50A18500B71BEB /* logout@2x.png */ = {isa = PBXFileReference; lastKnownFileType = image.png; path = "logout@2x.png"; sourceTree = "<group>"; };
		27CEE4F21A50A18500B71BEB /* meet-small@2x.png */ = {isa = PBXFileReference; lastKnownFileType = image.png; path = "meet-small@2x.png"; sourceTree = "<group>"; };
		27CEE4F31A50A18500B71BEB /* meet@2x.png */ = {isa = PBXFileReference; lastKnownFileType = image.png; path = "meet@2x.png"; sourceTree = "<group>"; };
		27CEE4F41A50A18500B71BEB /* plus@2x.png */ = {isa = PBXFileReference; lastKnownFileType = image.png; path = "plus@2x.png"; sourceTree = "<group>"; };
		27CEE5111A50B0CA00B71BEB /* logo@2x.png */ = {isa = PBXFileReference; lastKnownFileType = image.png; path = "logo@2x.png"; sourceTree = "<group>"; };
		27E0855B19C529240071F9F8 /* tron.cpp */ = {isa = PBXFileReference; explicitFileType = sourcecode.cpp.objcpp; fileEncoding = 4; path = tron.cpp; sourceTree = "<group>"; };
		27E0855C19C529240071F9F8 /* tron.h */ = {isa = PBXFileReference; fileEncoding = 4; lastKnownFileType = sourcecode.c.h; path = tron.h; sourceTree = "<group>"; };
		27E0855E19C5294D0071F9F8 /* blas.h */ = {isa = PBXFileReference; fileEncoding = 4; lastKnownFileType = sourcecode.c.h; path = blas.h; sourceTree = "<group>"; };
		27E0855F19C5294D0071F9F8 /* blasp.h */ = {isa = PBXFileReference; fileEncoding = 4; lastKnownFileType = sourcecode.c.h; path = blasp.h; sourceTree = "<group>"; };
		27E0856019C5294D0071F9F8 /* daxpy.c */ = {isa = PBXFileReference; explicitFileType = sourcecode.c.objc; fileEncoding = 4; path = daxpy.c; sourceTree = "<group>"; };
		27E0856119C5294D0071F9F8 /* ddot.c */ = {isa = PBXFileReference; explicitFileType = sourcecode.c.objc; fileEncoding = 4; path = ddot.c; sourceTree = "<group>"; };
		27E0856219C5294D0071F9F8 /* dnrm2.c */ = {isa = PBXFileReference; explicitFileType = sourcecode.c.objc; fileEncoding = 4; path = dnrm2.c; sourceTree = "<group>"; };
		27E0856319C5294D0071F9F8 /* dscal.c */ = {isa = PBXFileReference; explicitFileType = sourcecode.c.objc; fileEncoding = 4; path = dscal.c; sourceTree = "<group>"; };
		27E0856819C529620071F9F8 /* linear.cpp */ = {isa = PBXFileReference; explicitFileType = sourcecode.cpp.objcpp; fileEncoding = 4; path = linear.cpp; sourceTree = "<group>"; };
		27E0856919C529620071F9F8 /* linear.h */ = {isa = PBXFileReference; fileEncoding = 4; lastKnownFileType = sourcecode.c.h; path = linear.h; sourceTree = "<group>"; };
		27ECB4D419C645AF00D5AAB5 /* hrv.cpp */ = {isa = PBXFileReference; explicitFileType = sourcecode.cpp.objcpp; fileEncoding = 4; path = hrv.cpp; sourceTree = "<group>"; };
		27ECB4D519C645AF00D5AAB5 /* hrv.h */ = {isa = PBXFileReference; explicitFileType = sourcecode.cpp.objcpp; fileEncoding = 4; path = hrv.h; sourceTree = "<group>"; };
		651EFCF119C51B5F0089BA51 /* InteractionData.m */ = {isa = PBXFileReference; fileEncoding = 4; lastKnownFileType = sourcecode.c.objc; path = InteractionData.m; sourceTree = "<group>"; };
		6525184819708ADF00AF6981 /* HeartRateAnalyzer.h */ = {isa = PBXFileReference; fileEncoding = 4; lastKnownFileType = sourcecode.c.h; path = HeartRateAnalyzer.h; sourceTree = "<group>"; };
		6525184919708ADF00AF6981 /* HeartRateAnalyzer.m */ = {isa = PBXFileReference; explicitFileType = sourcecode.cpp.objcpp; fileEncoding = 4; path = HeartRateAnalyzer.m; sourceTree = "<group>"; };
		6525184B19708AE900AF6981 /* InteractionData.h */ = {isa = PBXFileReference; fileEncoding = 4; lastKnownFileType = sourcecode.c.h; path = InteractionData.h; sourceTree = "<group>"; };
		6525184E19708AF000AF6981 /* AppDelegate.h */ = {isa = PBXFileReference; fileEncoding = 4; lastKnownFileType = sourcecode.c.h; path = AppDelegate.h; sourceTree = "<group>"; };
		6525184F19708AF000AF6981 /* AppDelegate.m */ = {isa = PBXFileReference; fileEncoding = 4; lastKnownFileType = sourcecode.c.objc; path = AppDelegate.m; sourceTree = "<group>"; };
		6525185519708B1000AF6981 /* PersonViewController.h */ = {isa = PBXFileReference; fileEncoding = 4; lastKnownFileType = sourcecode.c.h; path = PersonViewController.h; sourceTree = "<group>"; };
		6525185619708B1000AF6981 /* PersonViewController.m */ = {isa = PBXFileReference; fileEncoding = 4; lastKnownFileType = sourcecode.c.objc; path = PersonViewController.m; sourceTree = "<group>"; };
		6525185719708B1000AF6981 /* RankViewController.h */ = {isa = PBXFileReference; fileEncoding = 4; lastKnownFileType = sourcecode.c.h; path = RankViewController.h; sourceTree = "<group>"; };
		6525185819708B1000AF6981 /* RankViewController.m */ = {isa = PBXFileReference; fileEncoding = 4; lastKnownFileType = sourcecode.c.objc; path = RankViewController.m; sourceTree = "<group>"; };
		6525185919708B1000AF6981 /* MeetViewController.h */ = {isa = PBXFileReference; fileEncoding = 4; lastKnownFileType = sourcecode.c.h; path = MeetViewController.h; sourceTree = "<group>"; };
		6525185A19708B1000AF6981 /* MeetViewController.m */ = {isa = PBXFileReference; fileEncoding = 4; lastKnownFileType = sourcecode.c.objc; path = MeetViewController.m; sourceTree = "<group>"; };
		6525185B19708B1000AF6981 /* ViewController.h */ = {isa = PBXFileReference; fileEncoding = 4; lastKnownFileType = sourcecode.c.h; path = ViewController.h; sourceTree = "<group>"; };
		6525185C19708B1000AF6981 /* ViewController.m */ = {isa = PBXFileReference; fileEncoding = 4; lastKnownFileType = sourcecode.c.objc; path = ViewController.m; sourceTree = "<group>"; };
		65251866197B5B1100AF6981 /* HeartRateMonitor.h */ = {isa = PBXFileReference; fileEncoding = 4; lastKnownFileType = sourcecode.c.h; path = HeartRateMonitor.h; sourceTree = "<group>"; };
		65251867197B5B1100AF6981 /* HeartRateMonitor.m */ = {isa = PBXFileReference; fileEncoding = 4; lastKnownFileType = sourcecode.c.objc; path = HeartRateMonitor.m; sourceTree = "<group>"; };
		653DB7321A2F944600F50BAC /* FacebookSDK.framework */ = {isa = PBXFileReference; lastKnownFileType = wrapper.framework; name = FacebookSDK.framework; path = ../FacebookSDK/FacebookSDK.framework; sourceTree = "<group>"; };
		653F8F75185FA9760009F785 /* CoreData.framework */ = {isa = PBXFileReference; lastKnownFileType = wrapper.framework; name = CoreData.framework; path = System/Library/Frameworks/CoreData.framework; sourceTree = SDKROOT; };
		653F8F78185FA9A50009F785 /* pplkpr.xcdatamodel */ = {isa = PBXFileReference; lastKnownFileType = wrapper.xcdatamodel; path = pplkpr.xcdatamodel; sourceTree = "<group>"; };
		656AFE4D1A4E262C003F3E6A /* DateTools.bundle */ = {isa = PBXFileReference; lastKnownFileType = "wrapper.plug-in"; path = DateTools.bundle; sourceTree = "<group>"; };
		656AFE4E1A4E262C003F3E6A /* DateTools.h */ = {isa = PBXFileReference; fileEncoding = 4; lastKnownFileType = sourcecode.c.h; path = DateTools.h; sourceTree = "<group>"; };
		656AFE4F1A4E262C003F3E6A /* DTConstants.h */ = {isa = PBXFileReference; fileEncoding = 4; lastKnownFileType = sourcecode.c.h; path = DTConstants.h; sourceTree = "<group>"; };
		656AFE501A4E262C003F3E6A /* DTError.h */ = {isa = PBXFileReference; fileEncoding = 4; lastKnownFileType = sourcecode.c.h; path = DTError.h; sourceTree = "<group>"; };
		656AFE511A4E262C003F3E6A /* DTError.m */ = {isa = PBXFileReference; fileEncoding = 4; lastKnownFileType = sourcecode.c.objc; path = DTError.m; sourceTree = "<group>"; };
		656AFE521A4E262C003F3E6A /* DTTimePeriod.h */ = {isa = PBXFileReference; fileEncoding = 4; lastKnownFileType = sourcecode.c.h; path = DTTimePeriod.h; sourceTree = "<group>"; };
		656AFE531A4E262C003F3E6A /* DTTimePeriod.m */ = {isa = PBXFileReference; fileEncoding = 4; lastKnownFileType = sourcecode.c.objc; path = DTTimePeriod.m; sourceTree = "<group>"; };
		656AFE541A4E262C003F3E6A /* DTTimePeriodChain.h */ = {isa = PBXFileReference; fileEncoding = 4; lastKnownFileType = sourcecode.c.h; path = DTTimePeriodChain.h; sourceTree = "<group>"; };
		656AFE551A4E262C003F3E6A /* DTTimePeriodChain.m */ = {isa = PBXFileReference; fileEncoding = 4; lastKnownFileType = sourcecode.c.objc; path = DTTimePeriodChain.m; sourceTree = "<group>"; };
		656AFE561A4E262C003F3E6A /* DTTimePeriodCollection.h */ = {isa = PBXFileReference; fileEncoding = 4; lastKnownFileType = sourcecode.c.h; path = DTTimePeriodCollection.h; sourceTree = "<group>"; };
		656AFE571A4E262C003F3E6A /* DTTimePeriodCollection.m */ = {isa = PBXFileReference; fileEncoding = 4; lastKnownFileType = sourcecode.c.objc; path = DTTimePeriodCollection.m; sourceTree = "<group>"; };
		656AFE581A4E262C003F3E6A /* DTTimePeriodGroup.h */ = {isa = PBXFileReference; fileEncoding = 4; lastKnownFileType = sourcecode.c.h; path = DTTimePeriodGroup.h; sourceTree = "<group>"; };
		656AFE591A4E262C003F3E6A /* DTTimePeriodGroup.m */ = {isa = PBXFileReference; fileEncoding = 4; lastKnownFileType = sourcecode.c.objc; path = DTTimePeriodGroup.m; sourceTree = "<group>"; };
		656AFE5A1A4E262C003F3E6A /* NSDate+DateTools.h */ = {isa = PBXFileReference; fileEncoding = 4; lastKnownFileType = sourcecode.c.h; path = "NSDate+DateTools.h"; sourceTree = "<group>"; };
		656AFE5B1A4E262C003F3E6A /* NSDate+DateTools.m */ = {isa = PBXFileReference; fileEncoding = 4; lastKnownFileType = sourcecode.c.objc; path = "NSDate+DateTools.m"; sourceTree = "<group>"; };
		6583089A19B104C100C385EB /* MKAnnotationView+WebCache.h */ = {isa = PBXFileReference; fileEncoding = 4; lastKnownFileType = sourcecode.c.h; path = "MKAnnotationView+WebCache.h"; sourceTree = "<group>"; };
		6583089B19B104C100C385EB /* MKAnnotationView+WebCache.m */ = {isa = PBXFileReference; fileEncoding = 4; lastKnownFileType = sourcecode.c.objc; path = "MKAnnotationView+WebCache.m"; sourceTree = "<group>"; };
		6583089C19B104C100C385EB /* NSData+ImageContentType.h */ = {isa = PBXFileReference; fileEncoding = 4; lastKnownFileType = sourcecode.c.h; path = "NSData+ImageContentType.h"; sourceTree = "<group>"; };
		6583089D19B104C100C385EB /* NSData+ImageContentType.m */ = {isa = PBXFileReference; fileEncoding = 4; lastKnownFileType = sourcecode.c.objc; path = "NSData+ImageContentType.m"; sourceTree = "<group>"; };
		6583089E19B104C100C385EB /* SDImageCache.h */ = {isa = PBXFileReference; fileEncoding = 4; lastKnownFileType = sourcecode.c.h; path = SDImageCache.h; sourceTree = "<group>"; };
		6583089F19B104C100C385EB /* SDImageCache.m */ = {isa = PBXFileReference; fileEncoding = 4; lastKnownFileType = sourcecode.c.objc; path = SDImageCache.m; sourceTree = "<group>"; };
		658308A019B104C100C385EB /* SDWebImageCompat.h */ = {isa = PBXFileReference; fileEncoding = 4; lastKnownFileType = sourcecode.c.h; path = SDWebImageCompat.h; sourceTree = "<group>"; };
		658308A119B104C100C385EB /* SDWebImageCompat.m */ = {isa = PBXFileReference; fileEncoding = 4; lastKnownFileType = sourcecode.c.objc; path = SDWebImageCompat.m; sourceTree = "<group>"; };
		658308A219B104C100C385EB /* SDWebImageDecoder.h */ = {isa = PBXFileReference; fileEncoding = 4; lastKnownFileType = sourcecode.c.h; path = SDWebImageDecoder.h; sourceTree = "<group>"; };
		658308A319B104C100C385EB /* SDWebImageDecoder.m */ = {isa = PBXFileReference; fileEncoding = 4; lastKnownFileType = sourcecode.c.objc; path = SDWebImageDecoder.m; sourceTree = "<group>"; };
		658308A419B104C100C385EB /* SDWebImageDownloader.h */ = {isa = PBXFileReference; fileEncoding = 4; lastKnownFileType = sourcecode.c.h; path = SDWebImageDownloader.h; sourceTree = "<group>"; };
		658308A519B104C100C385EB /* SDWebImageDownloader.m */ = {isa = PBXFileReference; fileEncoding = 4; lastKnownFileType = sourcecode.c.objc; path = SDWebImageDownloader.m; sourceTree = "<group>"; };
		658308A619B104C100C385EB /* SDWebImageDownloaderOperation.h */ = {isa = PBXFileReference; fileEncoding = 4; lastKnownFileType = sourcecode.c.h; path = SDWebImageDownloaderOperation.h; sourceTree = "<group>"; };
		658308A719B104C100C385EB /* SDWebImageDownloaderOperation.m */ = {isa = PBXFileReference; fileEncoding = 4; lastKnownFileType = sourcecode.c.objc; path = SDWebImageDownloaderOperation.m; sourceTree = "<group>"; };
		658308A819B104C100C385EB /* SDWebImageManager.h */ = {isa = PBXFileReference; fileEncoding = 4; lastKnownFileType = sourcecode.c.h; path = SDWebImageManager.h; sourceTree = "<group>"; };
		658308A919B104C100C385EB /* SDWebImageManager.m */ = {isa = PBXFileReference; fileEncoding = 4; lastKnownFileType = sourcecode.c.objc; path = SDWebImageManager.m; sourceTree = "<group>"; };
		658308AA19B104C100C385EB /* SDWebImageOperation.h */ = {isa = PBXFileReference; fileEncoding = 4; lastKnownFileType = sourcecode.c.h; path = SDWebImageOperation.h; sourceTree = "<group>"; };
		658308AB19B104C100C385EB /* SDWebImagePrefetcher.h */ = {isa = PBXFileReference; fileEncoding = 4; lastKnownFileType = sourcecode.c.h; path = SDWebImagePrefetcher.h; sourceTree = "<group>"; };
		658308AC19B104C100C385EB /* SDWebImagePrefetcher.m */ = {isa = PBXFileReference; fileEncoding = 4; lastKnownFileType = sourcecode.c.objc; path = SDWebImagePrefetcher.m; sourceTree = "<group>"; };
		658308AD19B104C100C385EB /* UIButton+WebCache.h */ = {isa = PBXFileReference; fileEncoding = 4; lastKnownFileType = sourcecode.c.h; path = "UIButton+WebCache.h"; sourceTree = "<group>"; };
		658308AE19B104C100C385EB /* UIButton+WebCache.m */ = {isa = PBXFileReference; fileEncoding = 4; lastKnownFileType = sourcecode.c.objc; path = "UIButton+WebCache.m"; sourceTree = "<group>"; };
		658308AF19B104C100C385EB /* UIImage+GIF.h */ = {isa = PBXFileReference; fileEncoding = 4; lastKnownFileType = sourcecode.c.h; path = "UIImage+GIF.h"; sourceTree = "<group>"; };
		658308B019B104C100C385EB /* UIImage+GIF.m */ = {isa = PBXFileReference; fileEncoding = 4; lastKnownFileType = sourcecode.c.objc; path = "UIImage+GIF.m"; sourceTree = "<group>"; };
		658308B119B104C100C385EB /* UIImage+MultiFormat.h */ = {isa = PBXFileReference; fileEncoding = 4; lastKnownFileType = sourcecode.c.h; path = "UIImage+MultiFormat.h"; sourceTree = "<group>"; };
		658308B219B104C100C385EB /* UIImage+MultiFormat.m */ = {isa = PBXFileReference; fileEncoding = 4; lastKnownFileType = sourcecode.c.objc; path = "UIImage+MultiFormat.m"; sourceTree = "<group>"; };
		658308B319B104C100C385EB /* UIImage+WebP.h */ = {isa = PBXFileReference; fileEncoding = 4; lastKnownFileType = sourcecode.c.h; path = "UIImage+WebP.h"; sourceTree = "<group>"; };
		658308B419B104C100C385EB /* UIImage+WebP.m */ = {isa = PBXFileReference; fileEncoding = 4; lastKnownFileType = sourcecode.c.objc; path = "UIImage+WebP.m"; sourceTree = "<group>"; };
		658308B519B104C100C385EB /* UIImageView+HighlightedWebCache.h */ = {isa = PBXFileReference; fileEncoding = 4; lastKnownFileType = sourcecode.c.h; path = "UIImageView+HighlightedWebCache.h"; sourceTree = "<group>"; };
		658308B619B104C100C385EB /* UIImageView+HighlightedWebCache.m */ = {isa = PBXFileReference; fileEncoding = 4; lastKnownFileType = sourcecode.c.objc; path = "UIImageView+HighlightedWebCache.m"; sourceTree = "<group>"; };
		658308B719B104C100C385EB /* UIImageView+WebCache.h */ = {isa = PBXFileReference; fileEncoding = 4; lastKnownFileType = sourcecode.c.h; path = "UIImageView+WebCache.h"; sourceTree = "<group>"; };
		658308B819B104C100C385EB /* UIImageView+WebCache.m */ = {isa = PBXFileReference; fileEncoding = 4; lastKnownFileType = sourcecode.c.objc; path = "UIImageView+WebCache.m"; sourceTree = "<group>"; };
		658308B919B104C100C385EB /* UIView+WebCacheOperation.h */ = {isa = PBXFileReference; fileEncoding = 4; lastKnownFileType = sourcecode.c.h; path = "UIView+WebCacheOperation.h"; sourceTree = "<group>"; };
		658308BA19B104C100C385EB /* UIView+WebCacheOperation.m */ = {isa = PBXFileReference; fileEncoding = 4; lastKnownFileType = sourcecode.c.objc; path = "UIView+WebCacheOperation.m"; sourceTree = "<group>"; };
		658308CB19B1075900C385EB /* FriendsCustomAutoCompleteObject.h */ = {isa = PBXFileReference; fileEncoding = 4; lastKnownFileType = sourcecode.c.h; path = FriendsCustomAutoCompleteObject.h; sourceTree = "<group>"; };
		658308CC19B1075900C385EB /* FriendsCustomAutoCompleteObject.m */ = {isa = PBXFileReference; fileEncoding = 4; lastKnownFileType = sourcecode.c.objc; path = FriendsCustomAutoCompleteObject.m; sourceTree = "<group>"; };
		65909D1419C76724002953A2 /* DayLog.h */ = {isa = PBXFileReference; fileEncoding = 4; lastKnownFileType = sourcecode.c.h; path = DayLog.h; sourceTree = "<group>"; };
		65909D1519C76724002953A2 /* DayLog.m */ = {isa = PBXFileReference; fileEncoding = 4; lastKnownFileType = sourcecode.c.objc; path = DayLog.m; sourceTree = "<group>"; };
		6596CB711868A3E80045D6E2 /* MessageUI.framework */ = {isa = PBXFileReference; lastKnownFileType = wrapper.framework; name = MessageUI.framework; path = System/Library/Frameworks/MessageUI.framework; sourceTree = SDKROOT; };
		6596CB731868AAE40045D6E2 /* AddressBook.framework */ = {isa = PBXFileReference; lastKnownFileType = wrapper.framework; name = AddressBook.framework; path = System/Library/Frameworks/AddressBook.framework; sourceTree = SDKROOT; };
		65B851161861EDAC00DE02E8 /* Report.h */ = {isa = PBXFileReference; fileEncoding = 4; lastKnownFileType = sourcecode.c.h; path = Report.h; sourceTree = "<group>"; };
		65B851171861EDAC00DE02E8 /* Report.m */ = {isa = PBXFileReference; fileEncoding = 4; lastKnownFileType = sourcecode.c.objc; path = Report.m; sourceTree = "<group>"; };
		65B8511D1862122800DE02E8 /* Person.h */ = {isa = PBXFileReference; fileEncoding = 4; lastKnownFileType = sourcecode.c.h; path = Person.h; sourceTree = "<group>"; };
		65B8511E1862122800DE02E8 /* Person.m */ = {isa = PBXFileReference; fileEncoding = 4; lastKnownFileType = sourcecode.c.objc; path = Person.m; sourceTree = "<group>"; };
		65CA149E19ACD93200130EEB /* MLPAutoCompleteTextField.h */ = {isa = PBXFileReference; fileEncoding = 4; lastKnownFileType = sourcecode.c.h; path = MLPAutoCompleteTextField.h; sourceTree = "<group>"; };
		65CA149F19ACD93200130EEB /* MLPAutoCompleteTextField.m */ = {isa = PBXFileReference; fileEncoding = 4; lastKnownFileType = sourcecode.c.objc; path = MLPAutoCompleteTextField.m; sourceTree = "<group>"; };
		65CA14A019ACD93200130EEB /* MLPAutoCompleteTextFieldDataSource.h */ = {isa = PBXFileReference; fileEncoding = 4; lastKnownFileType = sourcecode.c.h; path = MLPAutoCompleteTextFieldDataSource.h; sourceTree = "<group>"; };
		65CA14A119ACD93200130EEB /* MLPAutoCompleteTextFieldDelegate.h */ = {isa = PBXFileReference; fileEncoding = 4; lastKnownFileType = sourcecode.c.h; path = MLPAutoCompleteTextFieldDelegate.h; sourceTree = "<group>"; };
		65CA14A219ACD93200130EEB /* MLPAutoCompletionObject.h */ = {isa = PBXFileReference; fileEncoding = 4; lastKnownFileType = sourcecode.c.h; path = MLPAutoCompletionObject.h; sourceTree = "<group>"; };
		65CA14A319ACD93200130EEB /* NSString+Levenshtein.h */ = {isa = PBXFileReference; fileEncoding = 4; lastKnownFileType = sourcecode.c.h; path = "NSString+Levenshtein.h"; sourceTree = "<group>"; };
		65CA14A419ACD93200130EEB /* NSString+Levenshtein.m */ = {isa = PBXFileReference; fileEncoding = 4; lastKnownFileType = sourcecode.c.objc; path = "NSString+Levenshtein.m"; sourceTree = "<group>"; };
		65CA14A719ACDD6600130EEB /* FriendsCompleteDataSource.h */ = {isa = PBXFileReference; fileEncoding = 4; lastKnownFileType = sourcecode.c.h; path = FriendsCompleteDataSource.h; sourceTree = "<group>"; };
		65CA14A819ACDD6600130EEB /* FriendsCompleteDataSource.m */ = {isa = PBXFileReference; fileEncoding = 4; lastKnownFileType = sourcecode.c.objc; path = FriendsCompleteDataSource.m; sourceTree = "<group>"; };
		65CA14AA19AD173100130EEB /* CustomAutoCompleteCell.h */ = {isa = PBXFileReference; fileEncoding = 4; lastKnownFileType = sourcecode.c.h; path = CustomAutoCompleteCell.h; sourceTree = "<group>"; };
		65CA14AB19AD173100130EEB /* CustomAutoCompleteCell.m */ = {isa = PBXFileReference; fileEncoding = 4; lastKnownFileType = sourcecode.c.objc; path = CustomAutoCompleteCell.m; sourceTree = "<group>"; };
		65E88A4B19BB8E6A00379268 /* FlatSlider.h */ = {isa = PBXFileReference; fileEncoding = 4; lastKnownFileType = sourcecode.c.h; path = FlatSlider.h; sourceTree = "<group>"; };
		65E88A4C19BB8E6A00379268 /* FlatSlider.m */ = {isa = PBXFileReference; fileEncoding = 4; lastKnownFileType = sourcecode.c.objc; path = FlatSlider.m; sourceTree = "<group>"; };
		65E88A5519BE0F9300379268 /* credentials.txt */ = {isa = PBXFileReference; fileEncoding = 4; lastKnownFileType = text; name = credentials.txt; path = assets/credentials.txt; sourceTree = "<group>"; };
		65F2961119B7D14B007C1C06 /* FBHandler.h */ = {isa = PBXFileReference; fileEncoding = 4; lastKnownFileType = sourcecode.c.h; path = FBHandler.h; sourceTree = "<group>"; };
		65F2961219B7D14B007C1C06 /* FBHandler.m */ = {isa = PBXFileReference; fileEncoding = 4; lastKnownFileType = sourcecode.c.objc; path = FBHandler.m; sourceTree = "<group>"; };
		65F2961419B8DE5F007C1C06 /* LoginViewController.h */ = {isa = PBXFileReference; fileEncoding = 4; lastKnownFileType = sourcecode.c.h; path = LoginViewController.h; sourceTree = "<group>"; };
		65F2961519B8DE5F007C1C06 /* LoginViewController.m */ = {isa = PBXFileReference; fileEncoding = 4; lastKnownFileType = sourcecode.c.objc; path = LoginViewController.m; sourceTree = "<group>"; };
		65F2961719B8FF7E007C1C06 /* Constants.h */ = {isa = PBXFileReference; fileEncoding = 4; lastKnownFileType = sourcecode.c.h; path = Constants.h; sourceTree = "<group>"; };
		65F2961819B8FF7F007C1C06 /* Constants.m */ = {isa = PBXFileReference; fileEncoding = 4; lastKnownFileType = sourcecode.c.objc; path = Constants.m; sourceTree = "<group>"; };
		65F2963D19BA545A007C1C06 /* ReportViewController.h */ = {isa = PBXFileReference; fileEncoding = 4; lastKnownFileType = sourcecode.c.h; path = ReportViewController.h; sourceTree = "<group>"; };
		65F2963E19BA545A007C1C06 /* ReportViewController.m */ = {isa = PBXFileReference; fileEncoding = 4; lastKnownFileType = sourcecode.c.objc; path = ReportViewController.m; sourceTree = "<group>"; };
		65F2964019BA5B9A007C1C06 /* LeftViewController.h */ = {isa = PBXFileReference; fileEncoding = 4; lastKnownFileType = sourcecode.c.h; path = LeftViewController.h; sourceTree = "<group>"; };
		65F2964119BA5B9A007C1C06 /* LeftViewController.m */ = {isa = PBXFileReference; fileEncoding = 4; lastKnownFileType = sourcecode.c.objc; path = LeftViewController.m; sourceTree = "<group>"; };
		65F3F70F1A22BD8D0098054D /* IOSHandler.h */ = {isa = PBXFileReference; fileEncoding = 4; lastKnownFileType = sourcecode.c.h; path = IOSHandler.h; sourceTree = "<group>"; };
		65F3F7101A22BD8D0098054D /* IOSHandler.m */ = {isa = PBXFileReference; fileEncoding = 4; lastKnownFileType = sourcecode.c.objc; path = IOSHandler.m; sourceTree = "<group>"; };
		65F3F75A1A22C1660098054D /* RHAddressBook.xcodeproj */ = {isa = PBXFileReference; lastKnownFileType = "wrapper.pb-project"; path = RHAddressBook.xcodeproj; sourceTree = "<group>"; };
		65F3F7AD1A22C40F0098054D /* AddressBook.h */ = {isa = PBXFileReference; lastKnownFileType = sourcecode.c.h; path = AddressBook.h; sourceTree = "<group>"; };
		65F3F7AE1A22C40F0098054D /* NSThread+RHBlockAdditions.h */ = {isa = PBXFileReference; lastKnownFileType = sourcecode.c.h; path = "NSThread+RHBlockAdditions.h"; sourceTree = "<group>"; };
		65F3F7AF1A22C40F0098054D /* NSThread+RHBlockAdditions.m */ = {isa = PBXFileReference; lastKnownFileType = sourcecode.c.objc; path = "NSThread+RHBlockAdditions.m"; sourceTree = "<group>"; };
		65F3F7B01A22C40F0098054D /* RHAddressBook_Private.h */ = {isa = PBXFileReference; lastKnownFileType = sourcecode.c.h; path = RHAddressBook_Private.h; sourceTree = "<group>"; };
		65F3F7B11A22C40F0098054D /* RHAddressBook-Info.plist */ = {isa = PBXFileReference; lastKnownFileType = text.plist.xml; path = "RHAddressBook-Info.plist"; sourceTree = "<group>"; };
		65F3F7B21A22C40F0098054D /* RHAddressBook-Prefix.pch */ = {isa = PBXFileReference; lastKnownFileType = sourcecode.c.h; path = "RHAddressBook-Prefix.pch"; sourceTree = "<group>"; };
		65F3F7B31A22C40F0098054D /* RHAddressBook.h */ = {isa = PBXFileReference; lastKnownFileType = sourcecode.c.h; path = RHAddressBook.h; sourceTree = "<group>"; };
		65F3F7B41A22C40F0098054D /* RHAddressBook.m */ = {isa = PBXFileReference; lastKnownFileType = sourcecode.c.objc; path = RHAddressBook.m; sourceTree = "<group>"; };
		65F3F7B51A22C40F0098054D /* RHAddressBookGeoResult.h */ = {isa = PBXFileReference; lastKnownFileType = sourcecode.c.h; path = RHAddressBookGeoResult.h; sourceTree = "<group>"; };
		65F3F7B61A22C40F0098054D /* RHAddressBookGeoResult.m */ = {isa = PBXFileReference; lastKnownFileType = sourcecode.c.objc; path = RHAddressBookGeoResult.m; sourceTree = "<group>"; };
		65F3F7B71A22C40F0098054D /* RHAddressBookSharedServices.h */ = {isa = PBXFileReference; lastKnownFileType = sourcecode.c.h; path = RHAddressBookSharedServices.h; sourceTree = "<group>"; };
		65F3F7B81A22C40F0098054D /* RHAddressBookSharedServices.m */ = {isa = PBXFileReference; lastKnownFileType = sourcecode.c.objc; path = RHAddressBookSharedServices.m; sourceTree = "<group>"; };
		65F3F7B91A22C40F0098054D /* RHAddressBookThreadMain.h */ = {isa = PBXFileReference; lastKnownFileType = sourcecode.c.h; path = RHAddressBookThreadMain.h; sourceTree = "<group>"; };
		65F3F7BA1A22C40F0098054D /* RHAddressBookThreadMain.m */ = {isa = PBXFileReference; lastKnownFileType = sourcecode.c.objc; path = RHAddressBookThreadMain.m; sourceTree = "<group>"; };
		65F3F7BB1A22C40F0098054D /* RHARCSupport.h */ = {isa = PBXFileReference; lastKnownFileType = sourcecode.c.h; path = RHARCSupport.h; sourceTree = "<group>"; };
		65F3F7BC1A22C40F0098054D /* RHGroup.h */ = {isa = PBXFileReference; lastKnownFileType = sourcecode.c.h; path = RHGroup.h; sourceTree = "<group>"; };
		65F3F7BD1A22C40F0098054D /* RHGroup.m */ = {isa = PBXFileReference; lastKnownFileType = sourcecode.c.objc; path = RHGroup.m; sourceTree = "<group>"; };
		65F3F7BE1A22C40F0098054D /* RHMultiValue.h */ = {isa = PBXFileReference; lastKnownFileType = sourcecode.c.h; path = RHMultiValue.h; sourceTree = "<group>"; };
		65F3F7BF1A22C40F0098054D /* RHMultiValue.m */ = {isa = PBXFileReference; lastKnownFileType = sourcecode.c.objc; path = RHMultiValue.m; sourceTree = "<group>"; };
		65F3F7C01A22C40F0098054D /* RHPerson.h */ = {isa = PBXFileReference; lastKnownFileType = sourcecode.c.h; path = RHPerson.h; sourceTree = "<group>"; };
		65F3F7C11A22C40F0098054D /* RHPerson.m */ = {isa = PBXFileReference; lastKnownFileType = sourcecode.c.objc; path = RHPerson.m; sourceTree = "<group>"; };
		65F3F7C21A22C40F0098054D /* RHPersonLabels.h */ = {isa = PBXFileReference; lastKnownFileType = sourcecode.c.h; path = RHPersonLabels.h; sourceTree = "<group>"; };
		65F3F7C31A22C40F0098054D /* RHRecord_Private.h */ = {isa = PBXFileReference; lastKnownFileType = sourcecode.c.h; path = RHRecord_Private.h; sourceTree = "<group>"; };
		65F3F7C41A22C40F0098054D /* RHRecord.h */ = {isa = PBXFileReference; lastKnownFileType = sourcecode.c.h; path = RHRecord.h; sourceTree = "<group>"; };
		65F3F7C51A22C40F0098054D /* RHRecord.m */ = {isa = PBXFileReference; lastKnownFileType = sourcecode.c.objc; path = RHRecord.m; sourceTree = "<group>"; };
		65F3F7C61A22C40F0098054D /* RHSource.h */ = {isa = PBXFileReference; lastKnownFileType = sourcecode.c.h; path = RHSource.h; sourceTree = "<group>"; };
		65F3F7C71A22C40F0098054D /* RHSource.m */ = {isa = PBXFileReference; lastKnownFileType = sourcecode.c.objc; path = RHSource.m; sourceTree = "<group>"; };
		65FC7C4D17A1A37F0045BFF2 /* pplkpr.app */ = {isa = PBXFileReference; explicitFileType = wrapper.application; includeInIndex = 0; path = pplkpr.app; sourceTree = BUILT_PRODUCTS_DIR; };
		65FC7C5017A1A37F0045BFF2 /* Foundation.framework */ = {isa = PBXFileReference; lastKnownFileType = wrapper.framework; name = Foundation.framework; path = System/Library/Frameworks/Foundation.framework; sourceTree = SDKROOT; };
		65FC7C5217A1A37F0045BFF2 /* CoreGraphics.framework */ = {isa = PBXFileReference; lastKnownFileType = wrapper.framework; name = CoreGraphics.framework; path = System/Library/Frameworks/CoreGraphics.framework; sourceTree = SDKROOT; };
		65FC7C5417A1A37F0045BFF2 /* UIKit.framework */ = {isa = PBXFileReference; lastKnownFileType = wrapper.framework; name = UIKit.framework; path = System/Library/Frameworks/UIKit.framework; sourceTree = SDKROOT; };
		65FC7C5817A1A37F0045BFF2 /* pplkpr-Info.plist */ = {isa = PBXFileReference; lastKnownFileType = text.plist.xml; path = "pplkpr-Info.plist"; sourceTree = "<group>"; };
		65FC7C5A17A1A37F0045BFF2 /* en */ = {isa = PBXFileReference; lastKnownFileType = text.plist.strings; name = en; path = en.lproj/InfoPlist.strings; sourceTree = "<group>"; };
		65FC7C5C17A1A37F0045BFF2 /* main.m */ = {isa = PBXFileReference; lastKnownFileType = sourcecode.c.objc; path = main.m; sourceTree = "<group>"; };
		65FC7C5E17A1A37F0045BFF2 /* pplkpr-Prefix.pch */ = {isa = PBXFileReference; lastKnownFileType = sourcecode.c.h; path = "pplkpr-Prefix.pch"; sourceTree = "<group>"; };
		65FC7C6317A1A37F0045BFF2 /* Base */ = {isa = PBXFileReference; lastKnownFileType = file.storyboard; name = Base; path = Base.lproj/Main.storyboard; sourceTree = "<group>"; };
		65FC7C6817A1A37F0045BFF2 /* Images.xcassets */ = {isa = PBXFileReference; lastKnownFileType = folder.assetcatalog; path = Images.xcassets; sourceTree = "<group>"; };
/* End PBXFileReference section */

/* Begin PBXFrameworksBuildPhase section */
		65FC7C4A17A1A37F0045BFF2 /* Frameworks */ = {
			isa = PBXFrameworksBuildPhase;
			buildActionMask = 2147483647;
			files = (
				65F3F7A71A22C18D0098054D /* libRHAddressBook.a in Frameworks */,
				6596CB741868AAE40045D6E2 /* AddressBook.framework in Frameworks */,
				6596CB721868A3E80045D6E2 /* MessageUI.framework in Frameworks */,
				653F8F76185FA9760009F785 /* CoreData.framework in Frameworks */,
				65FC7C5317A1A37F0045BFF2 /* CoreGraphics.framework in Frameworks */,
				653DB7331A2F944600F50BAC /* FacebookSDK.framework in Frameworks */,
				65FC7C5517A1A37F0045BFF2 /* UIKit.framework in Frameworks */,
				65FC7C5117A1A37F0045BFF2 /* Foundation.framework in Frameworks */,
			);
			runOnlyForDeploymentPostprocessing = 0;
		};
/* End PBXFrameworksBuildPhase section */

/* Begin PBXGroup section */
		2710523C1A4E33C100A3D3CD /* Fonts */ = {
			isa = PBXGroup;
			children = (
				2710523D1A4E33C100A3D3CD /* Karla-Bold.ttf */,
				2710523E1A4E33C100A3D3CD /* Karla-Regular.ttf */,
			);
			name = Fonts;
			path = assets/Fonts;
			sourceTree = "<group>";
		};
		27CEE4D41A50A18500B71BEB /* Images */ = {
			isa = PBXGroup;
			children = (
				27CEE4D51A50A18500B71BEB /* Faces */,
				27CEE4DD1A50A18500B71BEB /* iOS */,
				27CEE4E21A50A18500B71BEB /* Tab */,
				27CEE4E91A50A18500B71BEB /* UI */,
			);
			name = Images;
			path = assets/Images;
			sourceTree = "<group>";
		};
		27CEE4D51A50A18500B71BEB /* Faces */ = {
			isa = PBXGroup;
			children = (
				27CEE4D61A50A18500B71BEB /* angry.png */,
				27CEE4D71A50A18500B71BEB /* anxious.png */,
				27CEE4D81A50A18500B71BEB /* aroused.png */,
				27CEE4D91A50A18500B71BEB /* bored.png */,
				27CEE4DA1A50A18500B71BEB /* calm.png */,
				27CEE4DB1A50A18500B71BEB /* excited.png */,
				27CEE4DC1A50A18500B71BEB /* scared.png */,
			);
			path = Faces;
			sourceTree = "<group>";
		};
		27CEE4DD1A50A18500B71BEB /* iOS */ = {
			isa = PBXGroup;
			children = (
				27CEE4DE1A50A18500B71BEB /* Default.png */,
				27CEE4DF1A50A18500B71BEB /* Default@2x.png */,
				27CEE4E01A50A18500B71BEB /* Icon-Small@2x.png */,
				27CEE4E11A50A18500B71BEB /* Icon@2x.png */,
			);
			path = iOS;
			sourceTree = "<group>";
		};
		27CEE4E21A50A18500B71BEB /* Tab */ = {
			isa = PBXGroup;
			children = (
				27CEE4E31A50A18500B71BEB /* home@2x.png */,
				27CEE4E41A50A18500B71BEB /* home_sel@2x.png */,
				27CEE4E51A50A18500B71BEB /* rank@2x.png */,
				27CEE4E61A50A18500B71BEB /* rank_sel@2x.png */,
				27CEE4E71A50A18500B71BEB /* report@2x.png */,
				27CEE4E81A50A18500B71BEB /* report_sel@2x.png */,
			);
			path = Tab;
			sourceTree = "<group>";
		};
		27CEE4E91A50A18500B71BEB /* UI */ = {
			isa = PBXGroup;
			children = (
				27CEE5111A50B0CA00B71BEB /* logo@2x.png */,
				27CEE4EA1A50A18500B71BEB /* arrows-down.png */,
				27CEE4EB1A50A18500B71BEB /* arrows-up.png */,
				27CEE4EC1A50A18500B71BEB /* back@2x.png */,
				27CEE4ED1A50A18500B71BEB /* heart@2x.png */,
				27CEE4EE1A50A18500B71BEB /* home@2x.png */,
				27CEE4EF1A50A18500B71BEB /* left-small@2x.png */,
				27CEE4F01A50A18500B71BEB /* left@2x.png */,
				27CEE4F11A50A18500B71BEB /* logout@2x.png */,
				27CEE4F21A50A18500B71BEB /* meet-small@2x.png */,
				27CEE4F31A50A18500B71BEB /* meet@2x.png */,
				27CEE4F41A50A18500B71BEB /* plus@2x.png */,
			);
			path = UI;
			sourceTree = "<group>";
		};
		27E0854319C525340071F9F8 /* linear */ = {
			isa = PBXGroup;
			children = (
				27E0856819C529620071F9F8 /* linear.cpp */,
				27E0856919C529620071F9F8 /* linear.h */,
				27E0855E19C5294D0071F9F8 /* blas.h */,
				27E0855F19C5294D0071F9F8 /* blasp.h */,
				27E0856019C5294D0071F9F8 /* daxpy.c */,
				27E0856119C5294D0071F9F8 /* ddot.c */,
				27E0856219C5294D0071F9F8 /* dnrm2.c */,
				27E0856319C5294D0071F9F8 /* dscal.c */,
				27E0855B19C529240071F9F8 /* tron.cpp */,
				27E0855C19C529240071F9F8 /* tron.h */,
			);
			path = linear;
			sourceTree = "<group>";
		};
		27ECB4D319C645A300D5AAB5 /* hrv */ = {
			isa = PBXGroup;
			children = (
				27ECB4D419C645AF00D5AAB5 /* hrv.cpp */,
				27ECB4D519C645AF00D5AAB5 /* hrv.h */,
			);
			name = hrv;
			sourceTree = "<group>";
		};
		27ED09CB1860E5C000ABCC76 /* View Controllers */ = {
			isa = PBXGroup;
			children = (
				65F2961419B8DE5F007C1C06 /* LoginViewController.h */,
				65F2961519B8DE5F007C1C06 /* LoginViewController.m */,
				6525185B19708B1000AF6981 /* ViewController.h */,
				6525185C19708B1000AF6981 /* ViewController.m */,
				6525185719708B1000AF6981 /* RankViewController.h */,
				6525185819708B1000AF6981 /* RankViewController.m */,
				6525185519708B1000AF6981 /* PersonViewController.h */,
				6525185619708B1000AF6981 /* PersonViewController.m */,
				65F2963D19BA545A007C1C06 /* ReportViewController.h */,
				65F2963E19BA545A007C1C06 /* ReportViewController.m */,
				6525185919708B1000AF6981 /* MeetViewController.h */,
				6525185A19708B1000AF6981 /* MeetViewController.m */,
				65F2964019BA5B9A007C1C06 /* LeftViewController.h */,
				65F2964119BA5B9A007C1C06 /* LeftViewController.m */,
			);
			name = "View Controllers";
			sourceTree = "<group>";
		};
		27ED09CC1860E6B100ABCC76 /* Data Structures */ = {
			isa = PBXGroup;
			children = (
				65909D1419C76724002953A2 /* DayLog.h */,
				65909D1519C76724002953A2 /* DayLog.m */,
				65F2961119B7D14B007C1C06 /* FBHandler.h */,
				65F2961219B7D14B007C1C06 /* FBHandler.m */,
				65F3F70F1A22BD8D0098054D /* IOSHandler.h */,
				65F3F7101A22BD8D0098054D /* IOSHandler.m */,
				65251866197B5B1100AF6981 /* HeartRateMonitor.h */,
				65251867197B5B1100AF6981 /* HeartRateMonitor.m */,
				6525184819708ADF00AF6981 /* HeartRateAnalyzer.h */,
				6525184919708ADF00AF6981 /* HeartRateAnalyzer.m */,
				6525184B19708AE900AF6981 /* InteractionData.h */,
				651EFCF119C51B5F0089BA51 /* InteractionData.m */,
				65B8511D1862122800DE02E8 /* Person.h */,
				65B8511E1862122800DE02E8 /* Person.m */,
				65B851161861EDAC00DE02E8 /* Report.h */,
				65B851171861EDAC00DE02E8 /* Report.m */,
				65E88A4B19BB8E6A00379268 /* FlatSlider.h */,
				65E88A4C19BB8E6A00379268 /* FlatSlider.m */,
			);
			name = "Data Structures";
			sourceTree = "<group>";
		};
		656AFE4C1A4E262C003F3E6A /* DateTools */ = {
			isa = PBXGroup;
			children = (
				656AFE4D1A4E262C003F3E6A /* DateTools.bundle */,
				656AFE4E1A4E262C003F3E6A /* DateTools.h */,
				656AFE4F1A4E262C003F3E6A /* DTConstants.h */,
				656AFE501A4E262C003F3E6A /* DTError.h */,
				656AFE511A4E262C003F3E6A /* DTError.m */,
				656AFE521A4E262C003F3E6A /* DTTimePeriod.h */,
				656AFE531A4E262C003F3E6A /* DTTimePeriod.m */,
				656AFE541A4E262C003F3E6A /* DTTimePeriodChain.h */,
				656AFE551A4E262C003F3E6A /* DTTimePeriodChain.m */,
				656AFE561A4E262C003F3E6A /* DTTimePeriodCollection.h */,
				656AFE571A4E262C003F3E6A /* DTTimePeriodCollection.m */,
				656AFE581A4E262C003F3E6A /* DTTimePeriodGroup.h */,
				656AFE591A4E262C003F3E6A /* DTTimePeriodGroup.m */,
				656AFE5A1A4E262C003F3E6A /* NSDate+DateTools.h */,
				656AFE5B1A4E262C003F3E6A /* NSDate+DateTools.m */,
			);
			path = DateTools;
			sourceTree = "<group>";
		};
		6583089919B104C100C385EB /* SDWebImage */ = {
			isa = PBXGroup;
			children = (
				6583089A19B104C100C385EB /* MKAnnotationView+WebCache.h */,
				6583089B19B104C100C385EB /* MKAnnotationView+WebCache.m */,
				6583089C19B104C100C385EB /* NSData+ImageContentType.h */,
				6583089D19B104C100C385EB /* NSData+ImageContentType.m */,
				6583089E19B104C100C385EB /* SDImageCache.h */,
				6583089F19B104C100C385EB /* SDImageCache.m */,
				658308A019B104C100C385EB /* SDWebImageCompat.h */,
				658308A119B104C100C385EB /* SDWebImageCompat.m */,
				658308A219B104C100C385EB /* SDWebImageDecoder.h */,
				658308A319B104C100C385EB /* SDWebImageDecoder.m */,
				658308A419B104C100C385EB /* SDWebImageDownloader.h */,
				658308A519B104C100C385EB /* SDWebImageDownloader.m */,
				658308A619B104C100C385EB /* SDWebImageDownloaderOperation.h */,
				658308A719B104C100C385EB /* SDWebImageDownloaderOperation.m */,
				658308A819B104C100C385EB /* SDWebImageManager.h */,
				658308A919B104C100C385EB /* SDWebImageManager.m */,
				658308AA19B104C100C385EB /* SDWebImageOperation.h */,
				658308AB19B104C100C385EB /* SDWebImagePrefetcher.h */,
				658308AC19B104C100C385EB /* SDWebImagePrefetcher.m */,
				658308AD19B104C100C385EB /* UIButton+WebCache.h */,
				658308AE19B104C100C385EB /* UIButton+WebCache.m */,
				658308AF19B104C100C385EB /* UIImage+GIF.h */,
				658308B019B104C100C385EB /* UIImage+GIF.m */,
				658308B119B104C100C385EB /* UIImage+MultiFormat.h */,
				658308B219B104C100C385EB /* UIImage+MultiFormat.m */,
				658308B319B104C100C385EB /* UIImage+WebP.h */,
				658308B419B104C100C385EB /* UIImage+WebP.m */,
				658308B519B104C100C385EB /* UIImageView+HighlightedWebCache.h */,
				658308B619B104C100C385EB /* UIImageView+HighlightedWebCache.m */,
				658308B719B104C100C385EB /* UIImageView+WebCache.h */,
				658308B819B104C100C385EB /* UIImageView+WebCache.m */,
				658308B919B104C100C385EB /* UIView+WebCacheOperation.h */,
				658308BA19B104C100C385EB /* UIView+WebCacheOperation.m */,
			);
			path = SDWebImage;
			sourceTree = "<group>";
		};
		65CA149419ACD8F300130EEB /* AutoComplete */ = {
			isa = PBXGroup;
			children = (
				658308CB19B1075900C385EB /* FriendsCustomAutoCompleteObject.h */,
				658308CC19B1075900C385EB /* FriendsCustomAutoCompleteObject.m */,
				65CA149E19ACD93200130EEB /* MLPAutoCompleteTextField.h */,
				65CA149F19ACD93200130EEB /* MLPAutoCompleteTextField.m */,
				65CA14AA19AD173100130EEB /* CustomAutoCompleteCell.h */,
				65CA14AB19AD173100130EEB /* CustomAutoCompleteCell.m */,
				65CA14A719ACDD6600130EEB /* FriendsCompleteDataSource.h */,
				65CA14A819ACDD6600130EEB /* FriendsCompleteDataSource.m */,
				65CA14A019ACD93200130EEB /* MLPAutoCompleteTextFieldDataSource.h */,
				65CA14A119ACD93200130EEB /* MLPAutoCompleteTextFieldDelegate.h */,
				65CA14A219ACD93200130EEB /* MLPAutoCompletionObject.h */,
				65CA14A319ACD93200130EEB /* NSString+Levenshtein.h */,
				65CA14A419ACD93200130EEB /* NSString+Levenshtein.m */,
			);
			name = AutoComplete;
			sourceTree = "<group>";
		};
		65E398D81849619300E3B2B4 /* assets */ = {
			isa = PBXGroup;
			children = (
				27CEE4D41A50A18500B71BEB /* Images */,
				2710523C1A4E33C100A3D3CD /* Fonts */,
				65E88A5519BE0F9300379268 /* credentials.txt */,
				27CEE4991A4F997B00B71BEB /* mio-8.model */,
			);
			name = assets;
			sourceTree = "<group>";
		};
		65F3F7121A22BFF70098054D /* RHAddressBook */ = {
			isa = PBXGroup;
			children = (
				65F3F7391A22C1660098054D /* RHAddressBook-master */,
			);
			name = RHAddressBook;
			path = "../../libs_examples/RHAddressBook-master/RHAddressBook";
			sourceTree = "<group>";
		};
		65F3F7391A22C1660098054D /* RHAddressBook-master */ = {
			isa = PBXGroup;
			children = (
				65F3F73E1A22C1660098054D /* RHAddressBook */,
				65F3F75A1A22C1660098054D /* RHAddressBook.xcodeproj */,
			);
			name = "RHAddressBook-master";
			path = ..;
			sourceTree = "<group>";
		};
		65F3F73E1A22C1660098054D /* RHAddressBook */ = {
			isa = PBXGroup;
			children = (
				65F3F7AD1A22C40F0098054D /* AddressBook.h */,
				65F3F7AE1A22C40F0098054D /* NSThread+RHBlockAdditions.h */,
				65F3F7AF1A22C40F0098054D /* NSThread+RHBlockAdditions.m */,
				65F3F7B01A22C40F0098054D /* RHAddressBook_Private.h */,
				65F3F7B11A22C40F0098054D /* RHAddressBook-Info.plist */,
				65F3F7B21A22C40F0098054D /* RHAddressBook-Prefix.pch */,
				65F3F7B31A22C40F0098054D /* RHAddressBook.h */,
				65F3F7B41A22C40F0098054D /* RHAddressBook.m */,
				65F3F7B51A22C40F0098054D /* RHAddressBookGeoResult.h */,
				65F3F7B61A22C40F0098054D /* RHAddressBookGeoResult.m */,
				65F3F7B71A22C40F0098054D /* RHAddressBookSharedServices.h */,
				65F3F7B81A22C40F0098054D /* RHAddressBookSharedServices.m */,
				65F3F7B91A22C40F0098054D /* RHAddressBookThreadMain.h */,
				65F3F7BA1A22C40F0098054D /* RHAddressBookThreadMain.m */,
				65F3F7BB1A22C40F0098054D /* RHARCSupport.h */,
				65F3F7BC1A22C40F0098054D /* RHGroup.h */,
				65F3F7BD1A22C40F0098054D /* RHGroup.m */,
				65F3F7BE1A22C40F0098054D /* RHMultiValue.h */,
				65F3F7BF1A22C40F0098054D /* RHMultiValue.m */,
				65F3F7C01A22C40F0098054D /* RHPerson.h */,
				65F3F7C11A22C40F0098054D /* RHPerson.m */,
				65F3F7C21A22C40F0098054D /* RHPersonLabels.h */,
				65F3F7C31A22C40F0098054D /* RHRecord_Private.h */,
				65F3F7C41A22C40F0098054D /* RHRecord.h */,
				65F3F7C51A22C40F0098054D /* RHRecord.m */,
				65F3F7C61A22C40F0098054D /* RHSource.h */,
				65F3F7C71A22C40F0098054D /* RHSource.m */,
			);
			path = RHAddressBook;
			sourceTree = "<group>";
		};
		65F3F75B1A22C1660098054D /* Products */ = {
			isa = PBXGroup;
			children = (
				65F3F79E1A22C1670098054D /* libRHAddressBook.a */,
				65F3F7A01A22C1670098054D /* RHAddressBook.framework */,
				65F3F7A21A22C1670098054D /* RHAddressBookTester.app */,
				65F3F7A41A22C1670098054D /* RHAddressBookLogicTests.xctest */,
			);
			name = Products;
			sourceTree = "<group>";
		};
		65FC7C4417A1A37F0045BFF2 = {
			isa = PBXGroup;
			children = (
				65FC7C5617A1A37F0045BFF2 /* pplkpr */,
				65FC7C4F17A1A37F0045BFF2 /* Frameworks */,
				65FC7C4E17A1A37F0045BFF2 /* Products */,
			);
			sourceTree = "<group>";
		};
		65FC7C4E17A1A37F0045BFF2 /* Products */ = {
			isa = PBXGroup;
			children = (
				65FC7C4D17A1A37F0045BFF2 /* pplkpr.app */,
			);
			name = Products;
			sourceTree = "<group>";
		};
		65FC7C4F17A1A37F0045BFF2 /* Frameworks */ = {
			isa = PBXGroup;
			children = (
				653DB7321A2F944600F50BAC /* FacebookSDK.framework */,
				6596CB731868AAE40045D6E2 /* AddressBook.framework */,
				6596CB711868A3E80045D6E2 /* MessageUI.framework */,
				653F8F75185FA9760009F785 /* CoreData.framework */,
				65FC7C5017A1A37F0045BFF2 /* Foundation.framework */,
				65FC7C5217A1A37F0045BFF2 /* CoreGraphics.framework */,
				65FC7C5417A1A37F0045BFF2 /* UIKit.framework */,
			);
			name = Frameworks;
			sourceTree = "<group>";
		};
		65FC7C5617A1A37F0045BFF2 /* pplkpr */ = {
			isa = PBXGroup;
			children = (
				65FC7C6817A1A37F0045BFF2 /* Images.xcassets */,
				653F8F77185FA9A50009F785 /* pplkpr.xcdatamodeld */,
				656AFE4C1A4E262C003F3E6A /* DateTools */,
				65F3F7121A22BFF70098054D /* RHAddressBook */,
				27ECB4D319C645A300D5AAB5 /* hrv */,
				27E0854319C525340071F9F8 /* linear */,
				6583089919B104C100C385EB /* SDWebImage */,
				65CA149419ACD8F300130EEB /* AutoComplete */,
				6525184E19708AF000AF6981 /* AppDelegate.h */,
				6525184F19708AF000AF6981 /* AppDelegate.m */,
				65FC7C6217A1A37F0045BFF2 /* Main.storyboard */,
				27ED09CC1860E6B100ABCC76 /* Data Structures */,
				27ED09CB1860E5C000ABCC76 /* View Controllers */,
				65E398D81849619300E3B2B4 /* assets */,
				65FC7C5717A1A37F0045BFF2 /* Supporting Files */,
				65F2961719B8FF7E007C1C06 /* Constants.h */,
				65F2961819B8FF7F007C1C06 /* Constants.m */,
			);
			path = pplkpr;
			sourceTree = "<group>";
		};
		65FC7C5717A1A37F0045BFF2 /* Supporting Files */ = {
			isa = PBXGroup;
			children = (
				65FC7C5817A1A37F0045BFF2 /* pplkpr-Info.plist */,
				65FC7C5917A1A37F0045BFF2 /* InfoPlist.strings */,
				65FC7C5C17A1A37F0045BFF2 /* main.m */,
				65FC7C5E17A1A37F0045BFF2 /* pplkpr-Prefix.pch */,
			);
			name = "Supporting Files";
			sourceTree = "<group>";
		};
/* End PBXGroup section */

/* Begin PBXNativeTarget section */
		65FC7C4C17A1A37F0045BFF2 /* pplkpr */ = {
			isa = PBXNativeTarget;
			buildConfigurationList = 65FC7C7F17A1A37F0045BFF2 /* Build configuration list for PBXNativeTarget "pplkpr" */;
			buildPhases = (
				65FC7C4917A1A37F0045BFF2 /* Sources */,
				65FC7C4A17A1A37F0045BFF2 /* Frameworks */,
				65FC7C4B17A1A37F0045BFF2 /* Resources */,
			);
			buildRules = (
			);
			dependencies = (
				65F3F7A61A22C17D0098054D /* PBXTargetDependency */,
			);
			name = pplkpr;
			productName = pplkpr;
			productReference = 65FC7C4D17A1A37F0045BFF2 /* pplkpr.app */;
			productType = "com.apple.product-type.application";
		};
/* End PBXNativeTarget section */

/* Begin PBXProject section */
		65FC7C4517A1A37F0045BFF2 /* Project object */ = {
			isa = PBXProject;
			attributes = {
				CLASSPREFIX = PK;
				LastUpgradeCheck = 0610;
				ORGANIZATIONNAME = "Lauren McCarthy";
				TargetAttributes = {
					65FC7C4C17A1A37F0045BFF2 = {
						DevelopmentTeam = U8S7N2677U;
					};
				};
			};
			buildConfigurationList = 65FC7C4817A1A37F0045BFF2 /* Build configuration list for PBXProject "pplkpr" */;
			compatibilityVersion = "Xcode 3.2";
			developmentRegion = English;
			hasScannedForEncodings = 0;
			knownRegions = (
				en,
				Base,
				he,
			);
			mainGroup = 65FC7C4417A1A37F0045BFF2;
			productRefGroup = 65FC7C4E17A1A37F0045BFF2 /* Products */;
			projectDirPath = "";
			projectReferences = (
				{
					ProductGroup = 65F3F75B1A22C1660098054D /* Products */;
					ProjectRef = 65F3F75A1A22C1660098054D /* RHAddressBook.xcodeproj */;
				},
			);
			projectRoot = "";
			targets = (
				65FC7C4C17A1A37F0045BFF2 /* pplkpr */,
			);
		};
/* End PBXProject section */

/* Begin PBXReferenceProxy section */
		65F3F79E1A22C1670098054D /* libRHAddressBook.a */ = {
			isa = PBXReferenceProxy;
			fileType = archive.ar;
			path = libRHAddressBook.a;
			remoteRef = 65F3F79D1A22C1670098054D /* PBXContainerItemProxy */;
			sourceTree = BUILT_PRODUCTS_DIR;
		};
		65F3F7A01A22C1670098054D /* RHAddressBook.framework */ = {
			isa = PBXReferenceProxy;
			fileType = wrapper.framework;
			path = RHAddressBook.framework;
			remoteRef = 65F3F79F1A22C1670098054D /* PBXContainerItemProxy */;
			sourceTree = BUILT_PRODUCTS_DIR;
		};
		65F3F7A21A22C1670098054D /* RHAddressBookTester.app */ = {
			isa = PBXReferenceProxy;
			fileType = wrapper.application;
			path = RHAddressBookTester.app;
			remoteRef = 65F3F7A11A22C1670098054D /* PBXContainerItemProxy */;
			sourceTree = BUILT_PRODUCTS_DIR;
		};
		65F3F7A41A22C1670098054D /* RHAddressBookLogicTests.xctest */ = {
			isa = PBXReferenceProxy;
			fileType = wrapper.cfbundle;
			path = RHAddressBookLogicTests.xctest;
			remoteRef = 65F3F7A31A22C1670098054D /* PBXContainerItemProxy */;
			sourceTree = BUILT_PRODUCTS_DIR;
		};
/* End PBXReferenceProxy section */

/* Begin PBXResourcesBuildPhase section */
		65FC7C4B17A1A37F0045BFF2 /* Resources */ = {
			isa = PBXResourcesBuildPhase;
			buildActionMask = 2147483647;
			files = (
				27CEE49A1A4F997B00B71BEB /* mio-8.model in Resources */,
				27CEE50B1A50A18500B71BEB /* left-small@2x.png in Resources */,
				27CEE4F61A50A18500B71BEB /* anxious.png in Resources */,
				65E88A5619BE0F9400379268 /* credentials.txt in Resources */,
				27CEE4FE1A50A18500B71BEB /* Icon-Small@2x.png in Resources */,
				27CEE4FC1A50A18500B71BEB /* Default.png in Resources */,
				27CEE50A1A50A18500B71BEB /* home@2x.png in Resources */,
				27CEE50E1A50A18500B71BEB /* meet-small@2x.png in Resources */,
				27CEE5001A50A18500B71BEB /* home@2x.png in Resources */,
				27CEE5041A50A18500B71BEB /* report@2x.png in Resources */,
				27CEE4F51A50A18500B71BEB /* angry.png in Resources */,
				65FC7C6917A1A37F0045BFF2 /* Images.xcassets in Resources */,
				27CEE50F1A50A18500B71BEB /* meet@2x.png in Resources */,
				27CEE50D1A50A18500B71BEB /* logout@2x.png in Resources */,
				2710523F1A4E33C100A3D3CD /* Karla-Bold.ttf in Resources */,
				27CEE5121A50B0CA00B71BEB /* logo@2x.png in Resources */,
				27CEE5031A50A18500B71BEB /* rank_sel@2x.png in Resources */,
				27CEE5061A50A18500B71BEB /* arrows-down.png in Resources */,
				27CEE4F91A50A18500B71BEB /* calm.png in Resources */,
				271052401A4E33C100A3D3CD /* Karla-Regular.ttf in Resources */,
				27CEE4FD1A50A18500B71BEB /* Default@2x.png in Resources */,
				27CEE5021A50A18500B71BEB /* rank@2x.png in Resources */,
				656AFE5C1A4E262C003F3E6A /* DateTools.bundle in Resources */,
				27CEE50C1A50A18500B71BEB /* left@2x.png in Resources */,
				27CEE5081A50A18500B71BEB /* back@2x.png in Resources */,
				27CEE4F81A50A18500B71BEB /* bored.png in Resources */,
				27CEE5051A50A18500B71BEB /* report_sel@2x.png in Resources */,
				27CEE4FA1A50A18500B71BEB /* excited.png in Resources */,
				27CEE4F71A50A18500B71BEB /* aroused.png in Resources */,
				27CEE4FF1A50A18500B71BEB /* Icon@2x.png in Resources */,
				27CEE4FB1A50A18500B71BEB /* scared.png in Resources */,
				27CEE5071A50A18500B71BEB /* arrows-up.png in Resources */,
				27CEE5011A50A18500B71BEB /* home_sel@2x.png in Resources */,
				27CEE5101A50A18500B71BEB /* plus@2x.png in Resources */,
				27CEE5091A50A18500B71BEB /* heart@2x.png in Resources */,
				65FC7C5B17A1A37F0045BFF2 /* InfoPlist.strings in Resources */,
				65FC7C6417A1A37F0045BFF2 /* Main.storyboard in Resources */,
			);
			runOnlyForDeploymentPostprocessing = 0;
		};
/* End PBXResourcesBuildPhase section */

/* Begin PBXSourcesBuildPhase section */
		65FC7C4917A1A37F0045BFF2 /* Sources */ = {
			isa = PBXSourcesBuildPhase;
			buildActionMask = 2147483647;
			files = (
				658308C519B104C100C385EB /* UIImage+GIF.m in Sources */,
				6525185019708AF000AF6981 /* AppDelegate.m in Sources */,
				6525184A19708ADF00AF6981 /* HeartRateAnalyzer.m in Sources */,
				653F8F79185FA9A50009F785 /* pplkpr.xcdatamodeld in Sources */,
				65E88A4D19BB8E6A00379268 /* FlatSlider.m in Sources */,
				65F2961619B8DE5F007C1C06 /* LoginViewController.m in Sources */,
				27E0856419C5294D0071F9F8 /* daxpy.c in Sources */,
				65CA14A619ACD93200130EEB /* NSString+Levenshtein.m in Sources */,
				658308C719B104C100C385EB /* UIImage+WebP.m in Sources */,
				65F2961319B7D14B007C1C06 /* FBHandler.m in Sources */,
				658308BC19B104C100C385EB /* NSData+ImageContentType.m in Sources */,
				6525185F19708B1000AF6981 /* PersonViewController.m in Sources */,
				27E0856719C5294D0071F9F8 /* dscal.c in Sources */,
				656AFE601A4E262C003F3E6A /* DTTimePeriodCollection.m in Sources */,
				27ECB4D619C645AF00D5AAB5 /* hrv.cpp in Sources */,
				65CA14A919ACDD6600130EEB /* FriendsCompleteDataSource.m in Sources */,
				656AFE611A4E262C003F3E6A /* DTTimePeriodGroup.m in Sources */,
				658308BF19B104C100C385EB /* SDWebImageDecoder.m in Sources */,
				6525186219708B1000AF6981 /* ViewController.m in Sources */,
				658308C419B104C100C385EB /* UIButton+WebCache.m in Sources */,
				658308C219B104C100C385EB /* SDWebImageManager.m in Sources */,
				65251868197B5B1100AF6981 /* HeartRateMonitor.m in Sources */,
				658308C919B104C100C385EB /* UIImageView+WebCache.m in Sources */,
				65FC7C5D17A1A37F0045BFF2 /* main.m in Sources */,
				65CA14AC19AD173100130EEB /* CustomAutoCompleteCell.m in Sources */,
				27E0855D19C529240071F9F8 /* tron.cpp in Sources */,
				656AFE5D1A4E262C003F3E6A /* DTError.m in Sources */,
				6525186019708B1000AF6981 /* RankViewController.m in Sources */,
				6525186119708B1000AF6981 /* MeetViewController.m in Sources */,
				651EFCF219C51B5F0089BA51 /* InteractionData.m in Sources */,
				27E0856A19C529620071F9F8 /* linear.cpp in Sources */,
				658308C819B104C100C385EB /* UIImageView+HighlightedWebCache.m in Sources */,
				658308C019B104C100C385EB /* SDWebImageDownloader.m in Sources */,
				27E0856519C5294D0071F9F8 /* ddot.c in Sources */,
				658308C319B104C100C385EB /* SDWebImagePrefetcher.m in Sources */,
				65F3F7111A22BD8D0098054D /* IOSHandler.m in Sources */,
				65CA14A519ACD93200130EEB /* MLPAutoCompleteTextField.m in Sources */,
				658308BD19B104C100C385EB /* SDImageCache.m in Sources */,
				658308C119B104C100C385EB /* SDWebImageDownloaderOperation.m in Sources */,
				65F2964219BA5B9A007C1C06 /* LeftViewController.m in Sources */,
				65B8511F1862122800DE02E8 /* Person.m in Sources */,
				658308CD19B1075900C385EB /* FriendsCustomAutoCompleteObject.m in Sources */,
				656AFE5F1A4E262C003F3E6A /* DTTimePeriodChain.m in Sources */,
				658308BB19B104C100C385EB /* MKAnnotationView+WebCache.m in Sources */,
				658308C619B104C100C385EB /* UIImage+MultiFormat.m in Sources */,
				658308CA19B104C100C385EB /* UIView+WebCacheOperation.m in Sources */,
				658308BE19B104C100C385EB /* SDWebImageCompat.m in Sources */,
				65F2963F19BA545A007C1C06 /* ReportViewController.m in Sources */,
				656AFE5E1A4E262C003F3E6A /* DTTimePeriod.m in Sources */,
				65B851191861EDAC00DE02E8 /* Report.m in Sources */,
				65F2961919B8FF7F007C1C06 /* Constants.m in Sources */,
				27E0856619C5294D0071F9F8 /* dnrm2.c in Sources */,
				656AFE621A4E262C003F3E6A /* NSDate+DateTools.m in Sources */,
				65909D1619C76724002953A2 /* DayLog.m in Sources */,
			);
			runOnlyForDeploymentPostprocessing = 0;
		};
/* End PBXSourcesBuildPhase section */

/* Begin PBXTargetDependency section */
		65F3F7A61A22C17D0098054D /* PBXTargetDependency */ = {
			isa = PBXTargetDependency;
			name = RHAddressBook;
			targetProxy = 65F3F7A51A22C17D0098054D /* PBXContainerItemProxy */;
		};
/* End PBXTargetDependency section */

/* Begin PBXVariantGroup section */
		65FC7C5917A1A37F0045BFF2 /* InfoPlist.strings */ = {
			isa = PBXVariantGroup;
			children = (
				65FC7C5A17A1A37F0045BFF2 /* en */,
			);
			name = InfoPlist.strings;
			sourceTree = "<group>";
		};
		65FC7C6217A1A37F0045BFF2 /* Main.storyboard */ = {
			isa = PBXVariantGroup;
			children = (
				65FC7C6317A1A37F0045BFF2 /* Base */,
			);
			name = Main.storyboard;
			sourceTree = "<group>";
		};
/* End PBXVariantGroup section */

/* Begin XCBuildConfiguration section */
		65FC7C7D17A1A37F0045BFF2 /* Debug */ = {
			isa = XCBuildConfiguration;
			buildSettings = {
				ALWAYS_SEARCH_USER_PATHS = NO;
				CLANG_CXX_LANGUAGE_STANDARD = "gnu++0x";
				CLANG_CXX_LIBRARY = "libc++";
				CLANG_ENABLE_MODULES = YES;
				CLANG_ENABLE_OBJC_ARC = YES;
				CLANG_WARN_BOOL_CONVERSION = YES;
				CLANG_WARN_CONSTANT_CONVERSION = YES;
				CLANG_WARN_DIRECT_OBJC_ISA_USAGE = YES_ERROR;
				CLANG_WARN_EMPTY_BODY = YES;
				CLANG_WARN_ENUM_CONVERSION = YES;
				CLANG_WARN_INT_CONVERSION = YES;
				CLANG_WARN_OBJC_ROOT_CLASS = YES_ERROR;
				CLANG_WARN__DUPLICATE_METHOD_MATCH = YES;
				CODE_SIGN_IDENTITY = "";
				"CODE_SIGN_IDENTITY[sdk=iphoneos*]" = "iPhone Developer";
				COPY_PHASE_STRIP = NO;
				GCC_C_LANGUAGE_STANDARD = gnu99;
				GCC_DYNAMIC_NO_PIC = NO;
				GCC_OPTIMIZATION_LEVEL = 0;
				GCC_PREPROCESSOR_DEFINITIONS = (
					"DEBUG=1",
					"$(inherited)",
				);
				GCC_SYMBOLS_PRIVATE_EXTERN = NO;
				GCC_WARN_ABOUT_RETURN_TYPE = YES_ERROR;
				GCC_WARN_UNDECLARED_SELECTOR = YES;
				GCC_WARN_UNINITIALIZED_AUTOS = YES;
				GCC_WARN_UNUSED_FUNCTION = YES;
				GCC_WARN_UNUSED_VARIABLE = YES;
				IPHONEOS_DEPLOYMENT_TARGET = 7.0;
				ONLY_ACTIVE_ARCH = YES;
				PROVISIONING_PROFILE = "9f5c0c9c-3cc5-45ed-b6c0-cd855e7f105c";
				SDKROOT = iphoneos;
			};
			name = Debug;
		};
		65FC7C7E17A1A37F0045BFF2 /* Release */ = {
			isa = XCBuildConfiguration;
			buildSettings = {
				ALWAYS_SEARCH_USER_PATHS = NO;
				CLANG_CXX_LANGUAGE_STANDARD = "gnu++0x";
				CLANG_CXX_LIBRARY = "libc++";
				CLANG_ENABLE_MODULES = YES;
				CLANG_ENABLE_OBJC_ARC = YES;
				CLANG_WARN_BOOL_CONVERSION = YES;
				CLANG_WARN_CONSTANT_CONVERSION = YES;
				CLANG_WARN_DIRECT_OBJC_ISA_USAGE = YES_ERROR;
				CLANG_WARN_EMPTY_BODY = YES;
				CLANG_WARN_ENUM_CONVERSION = YES;
				CLANG_WARN_INT_CONVERSION = YES;
				CLANG_WARN_OBJC_ROOT_CLASS = YES_ERROR;
				CLANG_WARN__DUPLICATE_METHOD_MATCH = YES;
				"CODE_SIGN_IDENTITY[sdk=iphoneos*]" = "iPhone Developer";
				COPY_PHASE_STRIP = YES;
				ENABLE_NS_ASSERTIONS = NO;
				GCC_C_LANGUAGE_STANDARD = gnu99;
				GCC_WARN_ABOUT_RETURN_TYPE = YES_ERROR;
				GCC_WARN_UNDECLARED_SELECTOR = YES;
				GCC_WARN_UNINITIALIZED_AUTOS = YES;
				GCC_WARN_UNUSED_FUNCTION = YES;
				GCC_WARN_UNUSED_VARIABLE = YES;
				IPHONEOS_DEPLOYMENT_TARGET = 7.0;
				PROVISIONING_PROFILE = "9f5c0c9c-3cc5-45ed-b6c0-cd855e7f105c";
				SDKROOT = iphoneos;
				VALIDATE_PRODUCT = YES;
			};
			name = Release;
		};
		65FC7C8017A1A37F0045BFF2 /* Debug */ = {
			isa = XCBuildConfiguration;
			buildSettings = {
				ARCHS = (
					armv6,
					armv7,
				);
				ASSETCATALOG_COMPILER_APPICON_NAME = AppIcon;
				ASSETCATALOG_COMPILER_LAUNCHIMAGE_NAME = LaunchImage;
				CODE_SIGN_IDENTITY = "iPhone Developer";
				"CODE_SIGN_IDENTITY[sdk=iphoneos*]" = "iPhone Developer";
				FRAMEWORK_SEARCH_PATHS = (
					"$(inherited)",
					../FacebookSDK,
				);
				GCC_PRECOMPILE_PREFIX_HEADER = YES;
				GCC_PREFIX_HEADER = "pplkpr/pplkpr-Prefix.pch";
				HEADER_SEARCH_PATHS = (
					"$(inherited)",
					/Applications/Xcode.app/Contents/Developer/Toolchains/XcodeDefault.xctoolchain/usr/include,
					include/,
					"$(SOURCE_ROOT)/RHAddressBook/**",
					"$(PROJECT_DIR)/../**",
				);
				INFOPLIST_FILE = "pplkpr/pplkpr-Info.plist";
				LIBRARY_SEARCH_PATHS = "$(inherited)";
				ONLY_ACTIVE_ARCH = NO;
				OTHER_LDFLAGS = (
					"-all_load",
					"-ObjC",
				);
				PRODUCT_NAME = "$(TARGET_NAME)";
				PROVISIONING_PROFILE = "";
				SDKROOT = iphoneos;
				VALID_ARCHS = "armv7 armv7s";
				WRAPPER_EXTENSION = app;
			};
			name = Debug;
		};
		65FC7C8117A1A37F0045BFF2 /* Release */ = {
			isa = XCBuildConfiguration;
			buildSettings = {
				ARCHS = (
					armv6,
					armv7,
				);
				ASSETCATALOG_COMPILER_APPICON_NAME = AppIcon;
				ASSETCATALOG_COMPILER_LAUNCHIMAGE_NAME = LaunchImage;
				CODE_SIGN_IDENTITY = "iPhone Developer";
				"CODE_SIGN_IDENTITY[sdk=iphoneos*]" = "iPhone Developer";
				FRAMEWORK_SEARCH_PATHS = (
					"$(inherited)",
					../FacebookSDK,
				);
				GCC_PRECOMPILE_PREFIX_HEADER = YES;
				GCC_PREFIX_HEADER = "pplkpr/pplkpr-Prefix.pch";
				HEADER_SEARCH_PATHS = (
					"$(inherited)",
					/Applications/Xcode.app/Contents/Developer/Toolchains/XcodeDefault.xctoolchain/usr/include,
					include/,
					"$(SOURCE_ROOT)/RHAddressBook/**",
					"$(PROJECT_DIR)/../**",
				);
				INFOPLIST_FILE = "pplkpr/pplkpr-Info.plist";
				LIBRARY_SEARCH_PATHS = "$(inherited)";
				OTHER_LDFLAGS = (
					"-all_load",
					"-ObjC",
				);
				PRODUCT_NAME = "$(TARGET_NAME)";
				PROVISIONING_PROFILE = "";
				SDKROOT = iphoneos;
				VALID_ARCHS = "armv7 armv7s";
				WRAPPER_EXTENSION = app;
			};
			name = Release;
		};
/* End XCBuildConfiguration section */

/* Begin XCConfigurationList section */
		65FC7C4817A1A37F0045BFF2 /* Build configuration list for PBXProject "pplkpr" */ = {
			isa = XCConfigurationList;
			buildConfigurations = (
				65FC7C7D17A1A37F0045BFF2 /* Debug */,
				65FC7C7E17A1A37F0045BFF2 /* Release */,
			);
			defaultConfigurationIsVisible = 0;
			defaultConfigurationName = Release;
		};
		65FC7C7F17A1A37F0045BFF2 /* Build configuration list for PBXNativeTarget "pplkpr" */ = {
			isa = XCConfigurationList;
			buildConfigurations = (
				65FC7C8017A1A37F0045BFF2 /* Debug */,
				65FC7C8117A1A37F0045BFF2 /* Release */,
			);
			defaultConfigurationIsVisible = 0;
			defaultConfigurationName = Release;
		};
/* End XCConfigurationList section */

/* Begin XCVersionGroup section */
		653F8F77185FA9A50009F785 /* pplkpr.xcdatamodeld */ = {
			isa = XCVersionGroup;
			children = (
				653F8F78185FA9A50009F785 /* pplkpr.xcdatamodel */,
			);
			currentVersion = 653F8F78185FA9A50009F785 /* pplkpr.xcdatamodel */;
			path = pplkpr.xcdatamodeld;
			sourceTree = SOURCE_ROOT;
			versionGroupType = wrapper.xcdatamodel;
		};
/* End XCVersionGroup section */
	};
	rootObject = 65FC7C4517A1A37F0045BFF2 /* Project object */;
}
