// !$*UTF8*$!
{
	archiveVersion = 1;
	classes = {
	};
	objectVersion = 46;
	objects = {

/* Begin PBXBuildFile section */
		656B880117C4126500FE4ABE /* PKInteractionData.m in Sources */ = {isa = PBXBuildFile; fileRef = 656B880017C4126500FE4ABE /* PKInteractionData.m */; };
		656B880217C4126500FE4ABE /* PKInteractionData.m in Sources */ = {isa = PBXBuildFile; fileRef = 656B880017C4126500FE4ABE /* PKInteractionData.m */; };
		656E72C4183F86E600F59652 /* PKRankViewController.m in Sources */ = {isa = PBXBuildFile; fileRef = 656E72C3183F86E600F59652 /* PKRankViewController.m */; };
		65E0AFAC17A1C1D300E0FD0C /* FacebookSDK.framework in Frameworks */ = {isa = PBXBuildFile; fileRef = 65E0AFAB17A1C1D300E0FD0C /* FacebookSDK.framework */; };
		65E398F6184972FB00E3B2B4 /* pplkpr_sel.png in Resources */ = {isa = PBXBuildFile; fileRef = 65E398F0184972FB00E3B2B4 /* pplkpr_sel.png */; };
		65E398F7184972FB00E3B2B4 /* pplkpr.png in Resources */ = {isa = PBXBuildFile; fileRef = 65E398F1184972FB00E3B2B4 /* pplkpr.png */; };
		65E398F8184972FB00E3B2B4 /* rank_sel.png in Resources */ = {isa = PBXBuildFile; fileRef = 65E398F2184972FB00E3B2B4 /* rank_sel.png */; };
		65E398F9184972FB00E3B2B4 /* rank.png in Resources */ = {isa = PBXBuildFile; fileRef = 65E398F3184972FB00E3B2B4 /* rank.png */; };
		65E398FA184972FB00E3B2B4 /* report_sel.png in Resources */ = {isa = PBXBuildFile; fileRef = 65E398F4184972FB00E3B2B4 /* report_sel.png */; };
		65E398FB184972FB00E3B2B4 /* report.png in Resources */ = {isa = PBXBuildFile; fileRef = 65E398F5184972FB00E3B2B4 /* report.png */; };
		65FC7C5117A1A37F0045BFF2 /* Foundation.framework in Frameworks */ = {isa = PBXBuildFile; fileRef = 65FC7C5017A1A37F0045BFF2 /* Foundation.framework */; };
		65FC7C5317A1A37F0045BFF2 /* CoreGraphics.framework in Frameworks */ = {isa = PBXBuildFile; fileRef = 65FC7C5217A1A37F0045BFF2 /* CoreGraphics.framework */; };
		65FC7C5517A1A37F0045BFF2 /* UIKit.framework in Frameworks */ = {isa = PBXBuildFile; fileRef = 65FC7C5417A1A37F0045BFF2 /* UIKit.framework */; };
		65FC7C5B17A1A37F0045BFF2 /* InfoPlist.strings in Resources */ = {isa = PBXBuildFile; fileRef = 65FC7C5917A1A37F0045BFF2 /* InfoPlist.strings */; };
		65FC7C5D17A1A37F0045BFF2 /* main.m in Sources */ = {isa = PBXBuildFile; fileRef = 65FC7C5C17A1A37F0045BFF2 /* main.m */; };
		65FC7C6117A1A37F0045BFF2 /* PKAppDelegate.m in Sources */ = {isa = PBXBuildFile; fileRef = 65FC7C6017A1A37F0045BFF2 /* PKAppDelegate.m */; };
		65FC7C6417A1A37F0045BFF2 /* Main.storyboard in Resources */ = {isa = PBXBuildFile; fileRef = 65FC7C6217A1A37F0045BFF2 /* Main.storyboard */; };
		65FC7C6717A1A37F0045BFF2 /* PKViewController.m in Sources */ = {isa = PBXBuildFile; fileRef = 65FC7C6617A1A37F0045BFF2 /* PKViewController.m */; };
		65FC7C6917A1A37F0045BFF2 /* Images.xcassets in Resources */ = {isa = PBXBuildFile; fileRef = 65FC7C6817A1A37F0045BFF2 /* Images.xcassets */; };
		65FC7C7017A1A37F0045BFF2 /* XCTest.framework in Frameworks */ = {isa = PBXBuildFile; fileRef = 65FC7C6F17A1A37F0045BFF2 /* XCTest.framework */; };
		65FC7C7117A1A37F0045BFF2 /* Foundation.framework in Frameworks */ = {isa = PBXBuildFile; fileRef = 65FC7C5017A1A37F0045BFF2 /* Foundation.framework */; };
		65FC7C7217A1A37F0045BFF2 /* UIKit.framework in Frameworks */ = {isa = PBXBuildFile; fileRef = 65FC7C5417A1A37F0045BFF2 /* UIKit.framework */; };
		65FC7C7A17A1A37F0045BFF2 /* InfoPlist.strings in Resources */ = {isa = PBXBuildFile; fileRef = 65FC7C7817A1A37F0045BFF2 /* InfoPlist.strings */; };
		65FC7C7C17A1A37F0045BFF2 /* pplkprTests.m in Sources */ = {isa = PBXBuildFile; fileRef = 65FC7C7B17A1A37F0045BFF2 /* pplkprTests.m */; };
		65FC7C8A17A1A6C40045BFF2 /* PKMeetViewController.m in Sources */ = {isa = PBXBuildFile; fileRef = 65FC7C8617A1A69A0045BFF2 /* PKMeetViewController.m */; };
		65FC7C8D17A1A6DA0045BFF2 /* PKLeftViewController.m in Sources */ = {isa = PBXBuildFile; fileRef = 65FC7C8C17A1A6DA0045BFF2 /* PKLeftViewController.m */; };
		65FC7C9217A1A7030045BFF2 /* PKPersonSummaryViewController.m in Sources */ = {isa = PBXBuildFile; fileRef = 65FC7C9117A1A7030045BFF2 /* PKPersonSummaryViewController.m */; };
/* End PBXBuildFile section */

/* Begin PBXContainerItemProxy section */
		65FC7C7317A1A37F0045BFF2 /* PBXContainerItemProxy */ = {
			isa = PBXContainerItemProxy;
			containerPortal = 65FC7C4517A1A37F0045BFF2 /* Project object */;
			proxyType = 1;
			remoteGlobalIDString = 65FC7C4C17A1A37F0045BFF2;
			remoteInfo = pplkpr;
		};
/* End PBXContainerItemProxy section */

/* Begin PBXFileReference section */
		656B87FF17C4126500FE4ABE /* PKInteractionData.h */ = {isa = PBXFileReference; fileEncoding = 4; lastKnownFileType = sourcecode.c.h; path = PKInteractionData.h; sourceTree = "<group>"; };
		656B880017C4126500FE4ABE /* PKInteractionData.m */ = {isa = PBXFileReference; fileEncoding = 4; lastKnownFileType = sourcecode.c.objc; path = PKInteractionData.m; sourceTree = "<group>"; };
		656E72C2183F86E600F59652 /* PKRankViewController.h */ = {isa = PBXFileReference; fileEncoding = 4; lastKnownFileType = sourcecode.c.h; path = PKRankViewController.h; sourceTree = "<group>"; };
		656E72C3183F86E600F59652 /* PKRankViewController.m */ = {isa = PBXFileReference; fileEncoding = 4; lastKnownFileType = sourcecode.c.objc; path = PKRankViewController.m; sourceTree = "<group>"; };
		6585979E182B3108004ED170 /* File */ = {isa = PBXFileReference; lastKnownFileType = text; path = File; sourceTree = "<group>"; };
		65E0AFAB17A1C1D300E0FD0C /* FacebookSDK.framework */ = {isa = PBXFileReference; lastKnownFileType = wrapper.framework; name = FacebookSDK.framework; path = ../FacebookSDK/FacebookSDK.framework; sourceTree = "<group>"; };
		65E398F0184972FB00E3B2B4 /* pplkpr_sel.png */ = {isa = PBXFileReference; lastKnownFileType = image.png; path = pplkpr_sel.png; sourceTree = "<group>"; };
		65E398F1184972FB00E3B2B4 /* pplkpr.png */ = {isa = PBXFileReference; lastKnownFileType = image.png; path = pplkpr.png; sourceTree = "<group>"; };
		65E398F2184972FB00E3B2B4 /* rank_sel.png */ = {isa = PBXFileReference; lastKnownFileType = image.png; path = rank_sel.png; sourceTree = "<group>"; };
		65E398F3184972FB00E3B2B4 /* rank.png */ = {isa = PBXFileReference; lastKnownFileType = image.png; path = rank.png; sourceTree = "<group>"; };
		65E398F4184972FB00E3B2B4 /* report_sel.png */ = {isa = PBXFileReference; lastKnownFileType = image.png; path = report_sel.png; sourceTree = "<group>"; };
		65E398F5184972FB00E3B2B4 /* report.png */ = {isa = PBXFileReference; lastKnownFileType = image.png; path = report.png; sourceTree = "<group>"; };
		65FC7C4D17A1A37F0045BFF2 /* pplkpr.app */ = {isa = PBXFileReference; explicitFileType = wrapper.application; includeInIndex = 0; path = pplkpr.app; sourceTree = BUILT_PRODUCTS_DIR; };
		65FC7C5017A1A37F0045BFF2 /* Foundation.framework */ = {isa = PBXFileReference; lastKnownFileType = wrapper.framework; name = Foundation.framework; path = System/Library/Frameworks/Foundation.framework; sourceTree = SDKROOT; };
		65FC7C5217A1A37F0045BFF2 /* CoreGraphics.framework */ = {isa = PBXFileReference; lastKnownFileType = wrapper.framework; name = CoreGraphics.framework; path = System/Library/Frameworks/CoreGraphics.framework; sourceTree = SDKROOT; };
		65FC7C5417A1A37F0045BFF2 /* UIKit.framework */ = {isa = PBXFileReference; lastKnownFileType = wrapper.framework; name = UIKit.framework; path = System/Library/Frameworks/UIKit.framework; sourceTree = SDKROOT; };
		65FC7C5817A1A37F0045BFF2 /* pplkpr-Info.plist */ = {isa = PBXFileReference; lastKnownFileType = text.plist.xml; path = "pplkpr-Info.plist"; sourceTree = "<group>"; };
		65FC7C5A17A1A37F0045BFF2 /* en */ = {isa = PBXFileReference; lastKnownFileType = text.plist.strings; name = en; path = en.lproj/InfoPlist.strings; sourceTree = "<group>"; };
		65FC7C5C17A1A37F0045BFF2 /* main.m */ = {isa = PBXFileReference; lastKnownFileType = sourcecode.c.objc; path = main.m; sourceTree = "<group>"; };
		65FC7C5E17A1A37F0045BFF2 /* pplkpr-Prefix.pch */ = {isa = PBXFileReference; lastKnownFileType = sourcecode.c.h; path = "pplkpr-Prefix.pch"; sourceTree = "<group>"; };
		65FC7C5F17A1A37F0045BFF2 /* PKAppDelegate.h */ = {isa = PBXFileReference; lastKnownFileType = sourcecode.c.h; path = PKAppDelegate.h; sourceTree = "<group>"; };
		65FC7C6017A1A37F0045BFF2 /* PKAppDelegate.m */ = {isa = PBXFileReference; lastKnownFileType = sourcecode.c.objc; path = PKAppDelegate.m; sourceTree = "<group>"; };
		65FC7C6317A1A37F0045BFF2 /* Base */ = {isa = PBXFileReference; lastKnownFileType = file.storyboard; name = Base; path = Base.lproj/Main.storyboard; sourceTree = "<group>"; };
		65FC7C6517A1A37F0045BFF2 /* PKViewController.h */ = {isa = PBXFileReference; lastKnownFileType = sourcecode.c.h; path = PKViewController.h; sourceTree = "<group>"; };
		65FC7C6617A1A37F0045BFF2 /* PKViewController.m */ = {isa = PBXFileReference; lastKnownFileType = sourcecode.c.objc; path = PKViewController.m; sourceTree = "<group>"; };
		65FC7C6817A1A37F0045BFF2 /* Images.xcassets */ = {isa = PBXFileReference; lastKnownFileType = folder.assetcatalog; path = Images.xcassets; sourceTree = "<group>"; };
		65FC7C6E17A1A37F0045BFF2 /* pplkprTests.xctest */ = {isa = PBXFileReference; explicitFileType = wrapper.cfbundle; includeInIndex = 0; path = pplkprTests.xctest; sourceTree = BUILT_PRODUCTS_DIR; };
		65FC7C6F17A1A37F0045BFF2 /* XCTest.framework */ = {isa = PBXFileReference; lastKnownFileType = wrapper.framework; name = XCTest.framework; path = Library/Frameworks/XCTest.framework; sourceTree = DEVELOPER_DIR; };
		65FC7C7717A1A37F0045BFF2 /* pplkprTests-Info.plist */ = {isa = PBXFileReference; lastKnownFileType = text.plist.xml; path = "pplkprTests-Info.plist"; sourceTree = "<group>"; };
		65FC7C7917A1A37F0045BFF2 /* en */ = {isa = PBXFileReference; lastKnownFileType = text.plist.strings; name = en; path = en.lproj/InfoPlist.strings; sourceTree = "<group>"; };
		65FC7C7B17A1A37F0045BFF2 /* pplkprTests.m */ = {isa = PBXFileReference; lastKnownFileType = sourcecode.c.objc; path = pplkprTests.m; sourceTree = "<group>"; };
		65FC7C8517A1A69A0045BFF2 /* PKMeetViewController.h */ = {isa = PBXFileReference; lastKnownFileType = sourcecode.c.h; path = PKMeetViewController.h; sourceTree = "<group>"; };
		65FC7C8617A1A69A0045BFF2 /* PKMeetViewController.m */ = {isa = PBXFileReference; lastKnownFileType = sourcecode.c.objc; path = PKMeetViewController.m; sourceTree = "<group>"; };
		65FC7C8B17A1A6DA0045BFF2 /* PKLeftViewController.h */ = {isa = PBXFileReference; fileEncoding = 4; lastKnownFileType = sourcecode.c.h; path = PKLeftViewController.h; sourceTree = "<group>"; };
		65FC7C8C17A1A6DA0045BFF2 /* PKLeftViewController.m */ = {isa = PBXFileReference; fileEncoding = 4; lastKnownFileType = sourcecode.c.objc; path = PKLeftViewController.m; sourceTree = "<group>"; };
		65FC7C9017A1A7030045BFF2 /* PKPersonSummaryViewController.h */ = {isa = PBXFileReference; fileEncoding = 4; lastKnownFileType = sourcecode.c.h; path = PKPersonSummaryViewController.h; sourceTree = "<group>"; };
		65FC7C9117A1A7030045BFF2 /* PKPersonSummaryViewController.m */ = {isa = PBXFileReference; fileEncoding = 4; lastKnownFileType = sourcecode.c.objc; path = PKPersonSummaryViewController.m; sourceTree = "<group>"; };
/* End PBXFileReference section */

/* Begin PBXFrameworksBuildPhase section */
		65FC7C4A17A1A37F0045BFF2 /* Frameworks */ = {
			isa = PBXFrameworksBuildPhase;
			buildActionMask = 2147483647;
			files = (
				65FC7C5317A1A37F0045BFF2 /* CoreGraphics.framework in Frameworks */,
				65E0AFAC17A1C1D300E0FD0C /* FacebookSDK.framework in Frameworks */,
				65FC7C5517A1A37F0045BFF2 /* UIKit.framework in Frameworks */,
				65FC7C5117A1A37F0045BFF2 /* Foundation.framework in Frameworks */,
			);
			runOnlyForDeploymentPostprocessing = 0;
		};
		65FC7C6B17A1A37F0045BFF2 /* Frameworks */ = {
			isa = PBXFrameworksBuildPhase;
			buildActionMask = 2147483647;
			files = (
				65FC7C7017A1A37F0045BFF2 /* XCTest.framework in Frameworks */,
				65FC7C7217A1A37F0045BFF2 /* UIKit.framework in Frameworks */,
				65FC7C7117A1A37F0045BFF2 /* Foundation.framework in Frameworks */,
			);
			runOnlyForDeploymentPostprocessing = 0;
		};
/* End PBXFrameworksBuildPhase section */

/* Begin PBXGroup section */
		65E398D81849619300E3B2B4 /* assets */ = {
			isa = PBXGroup;
			children = (
				65E398F0184972FB00E3B2B4 /* pplkpr_sel.png */,
				65E398F1184972FB00E3B2B4 /* pplkpr.png */,
				65E398F2184972FB00E3B2B4 /* rank_sel.png */,
				65E398F3184972FB00E3B2B4 /* rank.png */,
				65E398F4184972FB00E3B2B4 /* report_sel.png */,
				65E398F5184972FB00E3B2B4 /* report.png */,
			);
			name = assets;
			sourceTree = "<group>";
		};
		65FC7C4417A1A37F0045BFF2 = {
			isa = PBXGroup;
			children = (
				65FC7C5617A1A37F0045BFF2 /* pplkpr */,
				65FC7C7517A1A37F0045BFF2 /* pplkprTests */,
				65FC7C4F17A1A37F0045BFF2 /* Frameworks */,
				65FC7C4E17A1A37F0045BFF2 /* Products */,
			);
			sourceTree = "<group>";
		};
		65FC7C4E17A1A37F0045BFF2 /* Products */ = {
			isa = PBXGroup;
			children = (
				65FC7C4D17A1A37F0045BFF2 /* pplkpr.app */,
				65FC7C6E17A1A37F0045BFF2 /* pplkprTests.xctest */,
			);
			name = Products;
			sourceTree = "<group>";
		};
		65FC7C4F17A1A37F0045BFF2 /* Frameworks */ = {
			isa = PBXGroup;
			children = (
				65E0AFAB17A1C1D300E0FD0C /* FacebookSDK.framework */,
				65FC7C5017A1A37F0045BFF2 /* Foundation.framework */,
				65FC7C5217A1A37F0045BFF2 /* CoreGraphics.framework */,
				65FC7C5417A1A37F0045BFF2 /* UIKit.framework */,
				65FC7C6F17A1A37F0045BFF2 /* XCTest.framework */,
			);
			name = Frameworks;
			sourceTree = "<group>";
		};
		65FC7C5617A1A37F0045BFF2 /* pplkpr */ = {
			isa = PBXGroup;
			children = (
				65E398D81849619300E3B2B4 /* assets */,
				65FC7C6217A1A37F0045BFF2 /* Main.storyboard */,
				65FC7C5F17A1A37F0045BFF2 /* PKAppDelegate.h */,
				65FC7C6017A1A37F0045BFF2 /* PKAppDelegate.m */,
				65FC7C6517A1A37F0045BFF2 /* PKViewController.h */,
				65FC7C6617A1A37F0045BFF2 /* PKViewController.m */,
				65FC7C8517A1A69A0045BFF2 /* PKMeetViewController.h */,
				65FC7C8617A1A69A0045BFF2 /* PKMeetViewController.m */,
				6585979E182B3108004ED170 /* File */,
				65FC7C8B17A1A6DA0045BFF2 /* PKLeftViewController.h */,
				65FC7C8C17A1A6DA0045BFF2 /* PKLeftViewController.m */,
				65FC7C9017A1A7030045BFF2 /* PKPersonSummaryViewController.h */,
				65FC7C9117A1A7030045BFF2 /* PKPersonSummaryViewController.m */,
				656E72C2183F86E600F59652 /* PKRankViewController.h */,
				656E72C3183F86E600F59652 /* PKRankViewController.m */,
				65FC7C6817A1A37F0045BFF2 /* Images.xcassets */,
				65FC7C5717A1A37F0045BFF2 /* Supporting Files */,
				656B87FF17C4126500FE4ABE /* PKInteractionData.h */,
				656B880017C4126500FE4ABE /* PKInteractionData.m */,
			);
			path = pplkpr;
			sourceTree = "<group>";
		};
		65FC7C5717A1A37F0045BFF2 /* Supporting Files */ = {
			isa = PBXGroup;
			children = (
				65FC7C5817A1A37F0045BFF2 /* pplkpr-Info.plist */,
				65FC7C5917A1A37F0045BFF2 /* InfoPlist.strings */,
				65FC7C5C17A1A37F0045BFF2 /* main.m */,
				65FC7C5E17A1A37F0045BFF2 /* pplkpr-Prefix.pch */,
			);
			name = "Supporting Files";
			sourceTree = "<group>";
		};
		65FC7C7517A1A37F0045BFF2 /* pplkprTests */ = {
			isa = PBXGroup;
			children = (
				65FC7C7B17A1A37F0045BFF2 /* pplkprTests.m */,
				65FC7C7617A1A37F0045BFF2 /* Supporting Files */,
			);
			path = pplkprTests;
			sourceTree = "<group>";
		};
		65FC7C7617A1A37F0045BFF2 /* Supporting Files */ = {
			isa = PBXGroup;
			children = (
				65FC7C7717A1A37F0045BFF2 /* pplkprTests-Info.plist */,
				65FC7C7817A1A37F0045BFF2 /* InfoPlist.strings */,
			);
			name = "Supporting Files";
			sourceTree = "<group>";
		};
/* End PBXGroup section */

/* Begin PBXNativeTarget section */
		65FC7C4C17A1A37F0045BFF2 /* pplkpr */ = {
			isa = PBXNativeTarget;
			buildConfigurationList = 65FC7C7F17A1A37F0045BFF2 /* Build configuration list for PBXNativeTarget "pplkpr" */;
			buildPhases = (
				65FC7C4917A1A37F0045BFF2 /* Sources */,
				65FC7C4A17A1A37F0045BFF2 /* Frameworks */,
				65FC7C4B17A1A37F0045BFF2 /* Resources */,
			);
			buildRules = (
			);
			dependencies = (
			);
			name = pplkpr;
			productName = pplkpr;
			productReference = 65FC7C4D17A1A37F0045BFF2 /* pplkpr.app */;
			productType = "com.apple.product-type.application";
		};
		65FC7C6D17A1A37F0045BFF2 /* pplkprTests */ = {
			isa = PBXNativeTarget;
			buildConfigurationList = 65FC7C8217A1A37F0045BFF2 /* Build configuration list for PBXNativeTarget "pplkprTests" */;
			buildPhases = (
				65FC7C6A17A1A37F0045BFF2 /* Sources */,
				65FC7C6B17A1A37F0045BFF2 /* Frameworks */,
				65FC7C6C17A1A37F0045BFF2 /* Resources */,
			);
			buildRules = (
			);
			dependencies = (
				65FC7C7417A1A37F0045BFF2 /* PBXTargetDependency */,
			);
			name = pplkprTests;
			productName = pplkprTests;
			productReference = 65FC7C6E17A1A37F0045BFF2 /* pplkprTests.xctest */;
			productType = "com.apple.product-type.bundle.unit-test";
		};
/* End PBXNativeTarget section */

/* Begin PBXProject section */
		65FC7C4517A1A37F0045BFF2 /* Project object */ = {
			isa = PBXProject;
			attributes = {
				CLASSPREFIX = PK;
				LastUpgradeCheck = 0500;
				ORGANIZATIONNAME = "Lauren McCarthy";
				TargetAttributes = {
					65FC7C4C17A1A37F0045BFF2 = {
						DevelopmentTeam = U8S7N2677U;
					};
					65FC7C6D17A1A37F0045BFF2 = {
						TestTargetID = 65FC7C4C17A1A37F0045BFF2;
					};
				};
			};
			buildConfigurationList = 65FC7C4817A1A37F0045BFF2 /* Build configuration list for PBXProject "pplkpr" */;
			compatibilityVersion = "Xcode 3.2";
			developmentRegion = English;
			hasScannedForEncodings = 0;
			knownRegions = (
				en,
				Base,
			);
			mainGroup = 65FC7C4417A1A37F0045BFF2;
			productRefGroup = 65FC7C4E17A1A37F0045BFF2 /* Products */;
			projectDirPath = "";
			projectRoot = "";
			targets = (
				65FC7C4C17A1A37F0045BFF2 /* pplkpr */,
				65FC7C6D17A1A37F0045BFF2 /* pplkprTests */,
			);
		};
/* End PBXProject section */

/* Begin PBXResourcesBuildPhase section */
		65FC7C4B17A1A37F0045BFF2 /* Resources */ = {
			isa = PBXResourcesBuildPhase;
			buildActionMask = 2147483647;
			files = (
				65E398FA184972FB00E3B2B4 /* report_sel.png in Resources */,
				65E398F7184972FB00E3B2B4 /* pplkpr.png in Resources */,
				65E398FB184972FB00E3B2B4 /* report.png in Resources */,
				65FC7C6917A1A37F0045BFF2 /* Images.xcassets in Resources */,
				65E398F6184972FB00E3B2B4 /* pplkpr_sel.png in Resources */,
				65FC7C5B17A1A37F0045BFF2 /* InfoPlist.strings in Resources */,
				65E398F8184972FB00E3B2B4 /* rank_sel.png in Resources */,
				65FC7C6417A1A37F0045BFF2 /* Main.storyboard in Resources */,
				65E398F9184972FB00E3B2B4 /* rank.png in Resources */,
			);
			runOnlyForDeploymentPostprocessing = 0;
		};
		65FC7C6C17A1A37F0045BFF2 /* Resources */ = {
			isa = PBXResourcesBuildPhase;
			buildActionMask = 2147483647;
			files = (
				65FC7C7A17A1A37F0045BFF2 /* InfoPlist.strings in Resources */,
			);
			runOnlyForDeploymentPostprocessing = 0;
		};
/* End PBXResourcesBuildPhase section */

/* Begin PBXSourcesBuildPhase section */
		65FC7C4917A1A37F0045BFF2 /* Sources */ = {
			isa = PBXSourcesBuildPhase;
			buildActionMask = 2147483647;
			files = (
				65FC7C8D17A1A6DA0045BFF2 /* PKLeftViewController.m in Sources */,
				65FC7C5D17A1A37F0045BFF2 /* main.m in Sources */,
				65FC7C8A17A1A6C40045BFF2 /* PKMeetViewController.m in Sources */,
				656B880117C4126500FE4ABE /* PKInteractionData.m in Sources */,
				65FC7C6717A1A37F0045BFF2 /* PKViewController.m in Sources */,
				65FC7C6117A1A37F0045BFF2 /* PKAppDelegate.m in Sources */,
				65FC7C9217A1A7030045BFF2 /* PKPersonSummaryViewController.m in Sources */,
				656E72C4183F86E600F59652 /* PKRankViewController.m in Sources */,
			);
			runOnlyForDeploymentPostprocessing = 0;
		};
		65FC7C6A17A1A37F0045BFF2 /* Sources */ = {
			isa = PBXSourcesBuildPhase;
			buildActionMask = 2147483647;
			files = (
				65FC7C7C17A1A37F0045BFF2 /* pplkprTests.m in Sources */,
				656B880217C4126500FE4ABE /* PKInteractionData.m in Sources */,
			);
			runOnlyForDeploymentPostprocessing = 0;
		};
/* End PBXSourcesBuildPhase section */

/* Begin PBXTargetDependency section */
		65FC7C7417A1A37F0045BFF2 /* PBXTargetDependency */ = {
			isa = PBXTargetDependency;
			target = 65FC7C4C17A1A37F0045BFF2 /* pplkpr */;
			targetProxy = 65FC7C7317A1A37F0045BFF2 /* PBXContainerItemProxy */;
		};
/* End PBXTargetDependency section */

/* Begin PBXVariantGroup section */
		65FC7C5917A1A37F0045BFF2 /* InfoPlist.strings */ = {
			isa = PBXVariantGroup;
			children = (
				65FC7C5A17A1A37F0045BFF2 /* en */,
			);
			name = InfoPlist.strings;
			sourceTree = "<group>";
		};
		65FC7C6217A1A37F0045BFF2 /* Main.storyboard */ = {
			isa = PBXVariantGroup;
			children = (
				65FC7C6317A1A37F0045BFF2 /* Base */,
			);
			name = Main.storyboard;
			sourceTree = "<group>";
		};
		65FC7C7817A1A37F0045BFF2 /* InfoPlist.strings */ = {
			isa = PBXVariantGroup;
			children = (
				65FC7C7917A1A37F0045BFF2 /* en */,
			);
			name = InfoPlist.strings;
			sourceTree = "<group>";
		};
/* End PBXVariantGroup section */

/* Begin XCBuildConfiguration section */
		65FC7C7D17A1A37F0045BFF2 /* Debug */ = {
			isa = XCBuildConfiguration;
			buildSettings = {
				ALWAYS_SEARCH_USER_PATHS = NO;
				CLANG_CXX_LANGUAGE_STANDARD = "gnu++0x";
				CLANG_CXX_LIBRARY = "libc++";
				CLANG_ENABLE_MODULES = YES;
				CLANG_ENABLE_OBJC_ARC = NO;
				CLANG_WARN_BOOL_CONVERSION = YES;
				CLANG_WARN_CONSTANT_CONVERSION = YES;
				CLANG_WARN_DIRECT_OBJC_ISA_USAGE = YES_ERROR;
				CLANG_WARN_EMPTY_BODY = YES;
				CLANG_WARN_ENUM_CONVERSION = YES;
				CLANG_WARN_INT_CONVERSION = YES;
				CLANG_WARN_OBJC_ROOT_CLASS = YES_ERROR;
				CLANG_WARN__DUPLICATE_METHOD_MATCH = YES;
				"CODE_SIGN_IDENTITY[sdk=iphoneos*]" = "iPhone Developer";
				COPY_PHASE_STRIP = NO;
				GCC_C_LANGUAGE_STANDARD = gnu99;
				GCC_DYNAMIC_NO_PIC = NO;
				GCC_OPTIMIZATION_LEVEL = 0;
				GCC_PREPROCESSOR_DEFINITIONS = (
					"DEBUG=1",
					"$(inherited)",
				);
				GCC_SYMBOLS_PRIVATE_EXTERN = NO;
				GCC_WARN_ABOUT_RETURN_TYPE = YES_ERROR;
				GCC_WARN_UNDECLARED_SELECTOR = YES;
				GCC_WARN_UNINITIALIZED_AUTOS = YES;
				GCC_WARN_UNUSED_FUNCTION = YES;
				GCC_WARN_UNUSED_VARIABLE = YES;
				IPHONEOS_DEPLOYMENT_TARGET = 7.0;
				ONLY_ACTIVE_ARCH = YES;
				SDKROOT = iphoneos;
			};
			name = Debug;
		};
		65FC7C7E17A1A37F0045BFF2 /* Release */ = {
			isa = XCBuildConfiguration;
			buildSettings = {
				ALWAYS_SEARCH_USER_PATHS = NO;
				CLANG_CXX_LANGUAGE_STANDARD = "gnu++0x";
				CLANG_CXX_LIBRARY = "libc++";
				CLANG_ENABLE_MODULES = YES;
				CLANG_ENABLE_OBJC_ARC = NO;
				CLANG_WARN_BOOL_CONVERSION = YES;
				CLANG_WARN_CONSTANT_CONVERSION = YES;
				CLANG_WARN_DIRECT_OBJC_ISA_USAGE = YES_ERROR;
				CLANG_WARN_EMPTY_BODY = YES;
				CLANG_WARN_ENUM_CONVERSION = YES;
				CLANG_WARN_INT_CONVERSION = YES;
				CLANG_WARN_OBJC_ROOT_CLASS = YES_ERROR;
				CLANG_WARN__DUPLICATE_METHOD_MATCH = YES;
				"CODE_SIGN_IDENTITY[sdk=iphoneos*]" = "iPhone Developer";
				COPY_PHASE_STRIP = YES;
				ENABLE_NS_ASSERTIONS = NO;
				GCC_C_LANGUAGE_STANDARD = gnu99;
				GCC_WARN_ABOUT_RETURN_TYPE = YES_ERROR;
				GCC_WARN_UNDECLARED_SELECTOR = YES;
				GCC_WARN_UNINITIALIZED_AUTOS = YES;
				GCC_WARN_UNUSED_FUNCTION = YES;
				GCC_WARN_UNUSED_VARIABLE = YES;
				IPHONEOS_DEPLOYMENT_TARGET = 7.0;
				SDKROOT = iphoneos;
				VALIDATE_PRODUCT = YES;
			};
			name = Release;
		};
		65FC7C8017A1A37F0045BFF2 /* Debug */ = {
			isa = XCBuildConfiguration;
			buildSettings = {
				ASSETCATALOG_COMPILER_APPICON_NAME = AppIcon;
				ASSETCATALOG_COMPILER_LAUNCHIMAGE_NAME = LaunchImage;
				CODE_SIGN_IDENTITY = "iPhone Developer";
				"CODE_SIGN_IDENTITY[sdk=iphoneos*]" = "iPhone Developer";
				FRAMEWORK_SEARCH_PATHS = (
					"$(inherited)",
					"$(SRCROOT)/../FacebookSDK",
				);
				GCC_PRECOMPILE_PREFIX_HEADER = YES;
				GCC_PREFIX_HEADER = "pplkpr/pplkpr-Prefix.pch";
				INFOPLIST_FILE = "pplkpr/pplkpr-Info.plist";
				LIBRARY_SEARCH_PATHS = (
					"$(inherited)",
					"$(SRCROOT)/HxM2\\ iOS\\ Library",
					"$(SRCROOT)/pplkpr/HxM2\\ iOS\\ Library",
				);
				ONLY_ACTIVE_ARCH = NO;
				PRODUCT_NAME = "$(TARGET_NAME)";
				PROVISIONING_PROFILE = "";
				SDKROOT = iphoneos;
				VALID_ARCHS = "armv7 armv7s";
				WRAPPER_EXTENSION = app;
			};
			name = Debug;
		};
		65FC7C8117A1A37F0045BFF2 /* Release */ = {
			isa = XCBuildConfiguration;
			buildSettings = {
				ASSETCATALOG_COMPILER_APPICON_NAME = AppIcon;
				ASSETCATALOG_COMPILER_LAUNCHIMAGE_NAME = LaunchImage;
				CODE_SIGN_IDENTITY = "iPhone Developer";
				"CODE_SIGN_IDENTITY[sdk=iphoneos*]" = "iPhone Developer";
				FRAMEWORK_SEARCH_PATHS = (
					"$(inherited)",
					"$(SRCROOT)/../FacebookSDK",
				);
				GCC_PRECOMPILE_PREFIX_HEADER = YES;
				GCC_PREFIX_HEADER = "pplkpr/pplkpr-Prefix.pch";
				INFOPLIST_FILE = "pplkpr/pplkpr-Info.plist";
				LIBRARY_SEARCH_PATHS = (
					"$(inherited)",
					"$(SRCROOT)/HxM2\\ iOS\\ Library",
					"$(SRCROOT)/pplkpr/HxM2\\ iOS\\ Library",
				);
				PRODUCT_NAME = "$(TARGET_NAME)";
				PROVISIONING_PROFILE = "";
				SDKROOT = iphoneos;
				VALID_ARCHS = "armv7 armv7s";
				WRAPPER_EXTENSION = app;
			};
			name = Release;
		};
		65FC7C8317A1A37F0045BFF2 /* Debug */ = {
			isa = XCBuildConfiguration;
			buildSettings = {
				BUNDLE_LOADER = "$(BUILT_PRODUCTS_DIR)/pplkpr.app/pplkpr";
				FRAMEWORK_SEARCH_PATHS = (
					"$(SDKROOT)/Developer/Library/Frameworks",
					"$(inherited)",
					"$(SYSTEM_APPS_DIR)/Xcode5-DP3.app/Contents/Developer/Library/Frameworks",
				);
				GCC_PRECOMPILE_PREFIX_HEADER = YES;
				GCC_PREFIX_HEADER = "pplkpr/pplkpr-Prefix.pch";
				GCC_PREPROCESSOR_DEFINITIONS = (
					"DEBUG=1",
					"$(inherited)",
				);
				INFOPLIST_FILE = "pplkprTests/pplkprTests-Info.plist";
				LIBRARY_SEARCH_PATHS = (
					"$(inherited)",
					"$(SRCROOT)/HxM2\\ iOS\\ Library",
					"$(SRCROOT)/pplkpr/HxM2\\ iOS\\ Library",
				);
				PRODUCT_NAME = "$(TARGET_NAME)";
				TEST_HOST = "$(BUNDLE_LOADER)";
				WRAPPER_EXTENSION = xctest;
			};
			name = Debug;
		};
		65FC7C8417A1A37F0045BFF2 /* Release */ = {
			isa = XCBuildConfiguration;
			buildSettings = {
				BUNDLE_LOADER = "$(BUILT_PRODUCTS_DIR)/pplkpr.app/pplkpr";
				FRAMEWORK_SEARCH_PATHS = (
					"$(SDKROOT)/Developer/Library/Frameworks",
					"$(inherited)",
					"$(SYSTEM_APPS_DIR)/Xcode5-DP3.app/Contents/Developer/Library/Frameworks",
				);
				GCC_PRECOMPILE_PREFIX_HEADER = YES;
				GCC_PREFIX_HEADER = "pplkpr/pplkpr-Prefix.pch";
				INFOPLIST_FILE = "pplkprTests/pplkprTests-Info.plist";
				LIBRARY_SEARCH_PATHS = (
					"$(inherited)",
					"$(SRCROOT)/HxM2\\ iOS\\ Library",
					"$(SRCROOT)/pplkpr/HxM2\\ iOS\\ Library",
				);
				PRODUCT_NAME = "$(TARGET_NAME)";
				TEST_HOST = "$(BUNDLE_LOADER)";
				WRAPPER_EXTENSION = xctest;
			};
			name = Release;
		};
/* End XCBuildConfiguration section */

/* Begin XCConfigurationList section */
		65FC7C4817A1A37F0045BFF2 /* Build configuration list for PBXProject "pplkpr" */ = {
			isa = XCConfigurationList;
			buildConfigurations = (
				65FC7C7D17A1A37F0045BFF2 /* Debug */,
				65FC7C7E17A1A37F0045BFF2 /* Release */,
			);
			defaultConfigurationIsVisible = 0;
			defaultConfigurationName = Release;
		};
		65FC7C7F17A1A37F0045BFF2 /* Build configuration list for PBXNativeTarget "pplkpr" */ = {
			isa = XCConfigurationList;
			buildConfigurations = (
				65FC7C8017A1A37F0045BFF2 /* Debug */,
				65FC7C8117A1A37F0045BFF2 /* Release */,
			);
			defaultConfigurationIsVisible = 0;
			defaultConfigurationName = Release;
		};
		65FC7C8217A1A37F0045BFF2 /* Build configuration list for PBXNativeTarget "pplkprTests" */ = {
			isa = XCConfigurationList;
			buildConfigurations = (
				65FC7C8317A1A37F0045BFF2 /* Debug */,
				65FC7C8417A1A37F0045BFF2 /* Release */,
			);
			defaultConfigurationIsVisible = 0;
			defaultConfigurationName = Release;
		};
/* End XCConfigurationList section */
	};
	rootObject = 65FC7C4517A1A37F0045BFF2 /* Project object */;
}
